{
  "lockfileVersion": 1,
  "configVersion": 1,
  "workspaces": {
    "": {
      "name": "better-skill-capped-fetcher",
      "dependencies": {
        "firebase": "^11.1.0",
      },
      "devDependencies": {
        "@cloudflare/workers-types": "^4.20241205.0",
        "@tsconfig/node-lts": "^22.0.1",
        "@tsconfig/recommended": "^1.0.8",
        "@tsconfig/strictest": "^2.0.5",
        "typescript": "^5.7.2",
        "wrangler": "^3.95.0",
      },
    },
  },
  "packages": {
    "@cloudflare/kv-asset-handler": ["@cloudflare/kv-asset-handler@0.3.4", "", { "dependencies": { "mime": "^3.0.0" } }, "sha512-YLPHc8yASwjNkmcDMQMY35yiWjoKAKnhUbPRszBRS0YgH+IXtsMp61j+yTcnCE3oO2DgP0U3iejLC8FTtKDC8Q=="],

    "@cloudflare/unenv-preset": ["@cloudflare/unenv-preset@2.0.2", "", { "peerDependencies": { "unenv": "2.0.0-rc.14", "workerd": "^1.20250124.0" }, "optionalPeers": ["workerd"] }, "sha512-nyzYnlZjjV5xT3LizahG1Iu6mnrCaxglJ04rZLpDwlDVDZ7v46lNsfxhV3A/xtfgQuSHmLnc6SVI+KwBpc3Lwg=="],

    "@cloudflare/workerd-darwin-64": ["@cloudflare/workerd-darwin-64@1.20250718.0", "", { "os": "darwin", "cpu": "x64" }, "sha512-FHf4t7zbVN8yyXgQ/r/GqLPaYZSGUVzeR7RnL28Mwj2djyw2ZergvytVc7fdGcczl6PQh+VKGfZCfUqpJlbi9g=="],

    "@cloudflare/workerd-darwin-arm64": ["@cloudflare/workerd-darwin-arm64@1.20250718.0", "", { "os": "darwin", "cpu": "arm64" }, "sha512-fUiyUJYyqqp4NqJ0YgGtp4WJh/II/YZsUnEb6vVy5Oeas8lUOxnN+ZOJ8N/6/5LQCVAtYCChRiIrBbfhTn5Z8Q=="],

    "@cloudflare/workerd-linux-64": ["@cloudflare/workerd-linux-64@1.20250718.0", "", { "os": "linux", "cpu": "x64" }, "sha512-5+eb3rtJMiEwp08Kryqzzu8d1rUcK+gdE442auo5eniMpT170Dz0QxBrqkg2Z48SFUPYbj+6uknuA5tzdRSUSg=="],

    "@cloudflare/workerd-linux-arm64": ["@cloudflare/workerd-linux-arm64@1.20250718.0", "", { "os": "linux", "cpu": "arm64" }, "sha512-Aa2M/DVBEBQDdATMbn217zCSFKE+ud/teS+fFS+OQqKABLn0azO2qq6ANAHYOIE6Q3Sq4CxDIQr8lGdaJHwUog=="],

    "@cloudflare/workerd-windows-64": ["@cloudflare/workerd-windows-64@1.20250718.0", "", { "os": "win32", "cpu": "x64" }, "sha512-dY16RXKffmugnc67LTbyjdDHZn5NoTF1yHEf2fN4+OaOnoGSp3N1x77QubTDwqZ9zECWxgQfDLjddcH8dWeFhg=="],

    "@cloudflare/workers-types": ["@cloudflare/workers-types@4.20251218.0", "", {}, "sha512-FUrVLqSpuplFCI8k3LQm0Bt2VF9rV6H8+Htng/PbOnSffnduBdBvaXLv9HsX8XcrzIjOZP/B7lEvJ0qlXhDphQ=="],

    "@cspotcode/source-map-support": ["@cspotcode/source-map-support@0.8.1", "", { "dependencies": { "@jridgewell/trace-mapping": "0.3.9" } }, "sha512-IchNf6dN4tHoMFIn/7OE8LWZ19Y6q/67Bmf6vnGREv8RSbBVb9LPJxEcnwrcwX6ixSvaiGoomAUvu4YSxXrVgw=="],

    "@emnapi/runtime": ["@emnapi/runtime@1.7.1", "", { "dependencies": { "tslib": "^2.4.0" } }, "sha512-PVtJr5CmLwYAU9PZDMITZoR5iAOShYREoR45EyyLrbntV50mdePTgUn4AmOw90Ifcj+x2kRjdzr1HP3RrNiHGA=="],

    "@esbuild-plugins/node-globals-polyfill": ["@esbuild-plugins/node-globals-polyfill@0.2.3", "", { "peerDependencies": { "esbuild": "*" } }, "sha512-r3MIryXDeXDOZh7ih1l/yE9ZLORCd5e8vWg02azWRGj5SPTuoh69A2AIyn0Z31V/kHBfZ4HgWJ+OK3GTTwLmnw=="],

    "@esbuild-plugins/node-modules-polyfill": ["@esbuild-plugins/node-modules-polyfill@0.2.2", "", { "dependencies": { "escape-string-regexp": "^4.0.0", "rollup-plugin-node-polyfills": "^0.2.1" }, "peerDependencies": { "esbuild": "*" } }, "sha512-LXV7QsWJxRuMYvKbiznh+U1ilIop3g2TeKRzUxOG5X3YITc8JyyTa90BmLwqqv0YnX4v32CSlG+vsziZp9dMvA=="],

    "@esbuild/android-arm": ["@esbuild/android-arm@0.17.19", "", { "os": "android", "cpu": "arm" }, "sha512-rIKddzqhmav7MSmoFCmDIb6e2W57geRsM94gV2l38fzhXMwq7hZoClug9USI2pFRGL06f4IOPHHpFNOkWieR8A=="],

    "@esbuild/android-arm64": ["@esbuild/android-arm64@0.17.19", "", { "os": "android", "cpu": "arm64" }, "sha512-KBMWvEZooR7+kzY0BtbTQn0OAYY7CsiydT63pVEaPtVYF0hXbUaOyZog37DKxK7NF3XacBJOpYT4adIJh+avxA=="],

    "@esbuild/android-x64": ["@esbuild/android-x64@0.17.19", "", { "os": "android", "cpu": "x64" }, "sha512-uUTTc4xGNDT7YSArp/zbtmbhO0uEEK9/ETW29Wk1thYUJBz3IVnvgEiEwEa9IeLyvnpKrWK64Utw2bgUmDveww=="],

    "@esbuild/darwin-arm64": ["@esbuild/darwin-arm64@0.17.19", "", { "os": "darwin", "cpu": "arm64" }, "sha512-80wEoCfF/hFKM6WE1FyBHc9SfUblloAWx6FJkFWTWiCoht9Mc0ARGEM47e67W9rI09YoUxJL68WHfDRYEAvOhg=="],

    "@esbuild/darwin-x64": ["@esbuild/darwin-x64@0.17.19", "", { "os": "darwin", "cpu": "x64" }, "sha512-IJM4JJsLhRYr9xdtLytPLSH9k/oxR3boaUIYiHkAawtwNOXKE8KoU8tMvryogdcT8AU+Bflmh81Xn6Q0vTZbQw=="],

    "@esbuild/freebsd-arm64": ["@esbuild/freebsd-arm64@0.17.19", "", { "os": "freebsd", "cpu": "arm64" }, "sha512-pBwbc7DufluUeGdjSU5Si+P3SoMF5DQ/F/UmTSb8HXO80ZEAJmrykPyzo1IfNbAoaqw48YRpv8shwd1NoI0jcQ=="],

    "@esbuild/freebsd-x64": ["@esbuild/freebsd-x64@0.17.19", "", { "os": "freebsd", "cpu": "x64" }, "sha512-4lu+n8Wk0XlajEhbEffdy2xy53dpR06SlzvhGByyg36qJw6Kpfk7cp45DR/62aPH9mtJRmIyrXAS5UWBrJT6TQ=="],

    "@esbuild/linux-arm": ["@esbuild/linux-arm@0.17.19", "", { "os": "linux", "cpu": "arm" }, "sha512-cdmT3KxjlOQ/gZ2cjfrQOtmhG4HJs6hhvm3mWSRDPtZ/lP5oe8FWceS10JaSJC13GBd4eH/haHnqf7hhGNLerA=="],

    "@esbuild/linux-arm64": ["@esbuild/linux-arm64@0.17.19", "", { "os": "linux", "cpu": "arm64" }, "sha512-ct1Tg3WGwd3P+oZYqic+YZF4snNl2bsnMKRkb3ozHmnM0dGWuxcPTTntAF6bOP0Sp4x0PjSF+4uHQ1xvxfRKqg=="],

    "@esbuild/linux-ia32": ["@esbuild/linux-ia32@0.17.19", "", { "os": "linux", "cpu": "ia32" }, "sha512-w4IRhSy1VbsNxHRQpeGCHEmibqdTUx61Vc38APcsRbuVgK0OPEnQ0YD39Brymn96mOx48Y2laBQGqgZ0j9w6SQ=="],

    "@esbuild/linux-loong64": ["@esbuild/linux-loong64@0.17.19", "", { "os": "linux", "cpu": "none" }, "sha512-2iAngUbBPMq439a+z//gE+9WBldoMp1s5GWsUSgqHLzLJ9WoZLZhpwWuym0u0u/4XmZ3gpHmzV84PonE+9IIdQ=="],

    "@esbuild/linux-mips64el": ["@esbuild/linux-mips64el@0.17.19", "", { "os": "linux", "cpu": "none" }, "sha512-LKJltc4LVdMKHsrFe4MGNPp0hqDFA1Wpt3jE1gEyM3nKUvOiO//9PheZZHfYRfYl6AwdTH4aTcXSqBerX0ml4A=="],

    "@esbuild/linux-ppc64": ["@esbuild/linux-ppc64@0.17.19", "", { "os": "linux", "cpu": "ppc64" }, "sha512-/c/DGybs95WXNS8y3Ti/ytqETiW7EU44MEKuCAcpPto3YjQbyK3IQVKfF6nbghD7EcLUGl0NbiL5Rt5DMhn5tg=="],

    "@esbuild/linux-riscv64": ["@esbuild/linux-riscv64@0.17.19", "", { "os": "linux", "cpu": "none" }, "sha512-FC3nUAWhvFoutlhAkgHf8f5HwFWUL6bYdvLc/TTuxKlvLi3+pPzdZiFKSWz/PF30TB1K19SuCxDTI5KcqASJqA=="],

    "@esbuild/linux-s390x": ["@esbuild/linux-s390x@0.17.19", "", { "os": "linux", "cpu": "s390x" }, "sha512-IbFsFbxMWLuKEbH+7sTkKzL6NJmG2vRyy6K7JJo55w+8xDk7RElYn6xvXtDW8HCfoKBFK69f3pgBJSUSQPr+4Q=="],

    "@esbuild/linux-x64": ["@esbuild/linux-x64@0.17.19", "", { "os": "linux", "cpu": "x64" }, "sha512-68ngA9lg2H6zkZcyp22tsVt38mlhWde8l3eJLWkyLrp4HwMUr3c1s/M2t7+kHIhvMjglIBrFpncX1SzMckomGw=="],

    "@esbuild/netbsd-x64": ["@esbuild/netbsd-x64@0.17.19", "", { "os": "none", "cpu": "x64" }, "sha512-CwFq42rXCR8TYIjIfpXCbRX0rp1jo6cPIUPSaWwzbVI4aOfX96OXY8M6KNmtPcg7QjYeDmN+DD0Wp3LaBOLf4Q=="],

    "@esbuild/openbsd-x64": ["@esbuild/openbsd-x64@0.17.19", "", { "os": "openbsd", "cpu": "x64" }, "sha512-cnq5brJYrSZ2CF6c35eCmviIN3k3RczmHz8eYaVlNasVqsNY+JKohZU5MKmaOI+KkllCdzOKKdPs762VCPC20g=="],

    "@esbuild/sunos-x64": ["@esbuild/sunos-x64@0.17.19", "", { "os": "sunos", "cpu": "x64" }, "sha512-vCRT7yP3zX+bKWFeP/zdS6SqdWB8OIpaRq/mbXQxTGHnIxspRtigpkUcDMlSCOejlHowLqII7K2JKevwyRP2rg=="],

    "@esbuild/win32-arm64": ["@esbuild/win32-arm64@0.17.19", "", { "os": "win32", "cpu": "arm64" }, "sha512-yYx+8jwowUstVdorcMdNlzklLYhPxjniHWFKgRqH7IFlUEa0Umu3KuYplf1HUZZ422e3NU9F4LGb+4O0Kdcaag=="],

    "@esbuild/win32-ia32": ["@esbuild/win32-ia32@0.17.19", "", { "os": "win32", "cpu": "ia32" }, "sha512-eggDKanJszUtCdlVs0RB+h35wNlb5v4TWEkq4vZcmVt5u/HiDZrTXe2bWFQUez3RgNHwx/x4sk5++4NSSicKkw=="],

    "@esbuild/win32-x64": ["@esbuild/win32-x64@0.17.19", "", { "os": "win32", "cpu": "x64" }, "sha512-lAhycmKnVOuRYNtRtatQR1LPQf2oYCkRGkSFnseDAKPl8lu5SOsK/e1sXe5a0Pc5kHIHe6P2I/ilntNv2xf3cA=="],

    "@fastify/busboy": ["@fastify/busboy@2.1.1", "", {}, "sha512-vBZP4NlzfOlerQTnba4aqZoMhE/a9HY7HRqoOPaETQcSQuWEIyZMHGfVu6w9wGtGK5fED5qRs2DteVCjOH60sA=="],

    "@firebase/ai": ["@firebase/ai@1.4.1", "", { "dependencies": { "@firebase/app-check-interop-types": "0.3.3", "@firebase/component": "0.6.18", "@firebase/logger": "0.4.4", "@firebase/util": "1.12.1", "tslib": "^2.1.0" }, "peerDependencies": { "@firebase/app": "0.x", "@firebase/app-types": "0.x" } }, "sha512-bcusQfA/tHjUjBTnMx6jdoPMpDl3r8K15Z+snHz9wq0Foox0F/V+kNLXucEOHoTL2hTc9l+onZCyBJs2QoIC3g=="],

    "@firebase/analytics": ["@firebase/analytics@0.10.17", "", { "dependencies": { "@firebase/component": "0.6.18", "@firebase/installations": "0.6.18", "@firebase/logger": "0.4.4", "@firebase/util": "1.12.1", "tslib": "^2.1.0" }, "peerDependencies": { "@firebase/app": "0.x" } }, "sha512-n5vfBbvzduMou/2cqsnKrIes4auaBjdhg8QNA2ZQZ59QgtO2QiwBaXQZQE4O4sgB0Ds1tvLgUUkY+pwzu6/xEg=="],

    "@firebase/analytics-compat": ["@firebase/analytics-compat@0.2.23", "", { "dependencies": { "@firebase/analytics": "0.10.17", "@firebase/analytics-types": "0.8.3", "@firebase/component": "0.6.18", "@firebase/util": "1.12.1", "tslib": "^2.1.0" }, "peerDependencies": { "@firebase/app-compat": "0.x" } }, "sha512-3AdO10RN18G5AzREPoFgYhW6vWXr3u+OYQv6pl3CX6Fky8QRk0AHurZlY3Q1xkXO0TDxIsdhO3y65HF7PBOJDw=="],

    "@firebase/analytics-types": ["@firebase/analytics-types@0.8.3", "", {}, "sha512-VrIp/d8iq2g501qO46uGz3hjbDb8xzYMrbu8Tp0ovzIzrvJZ2fvmj649gTjge/b7cCCcjT0H37g1gVtlNhnkbg=="],

    "@firebase/app": ["@firebase/app@0.13.2", "", { "dependencies": { "@firebase/component": "0.6.18", "@firebase/logger": "0.4.4", "@firebase/util": "1.12.1", "idb": "7.1.1", "tslib": "^2.1.0" } }, "sha512-jwtMmJa1BXXDCiDx1vC6SFN/+HfYG53UkfJa6qeN5ogvOunzbFDO3wISZy5n9xgYFUrEP6M7e8EG++riHNTv9w=="],

    "@firebase/app-check": ["@firebase/app-check@0.10.1", "", { "dependencies": { "@firebase/component": "0.6.18", "@firebase/logger": "0.4.4", "@firebase/util": "1.12.1", "tslib": "^2.1.0" }, "peerDependencies": { "@firebase/app": "0.x" } }, "sha512-MgNdlms9Qb0oSny87pwpjKush9qUwCJhfmTJHDfrcKo4neLGiSeVE4qJkzP7EQTIUFKp84pbTxobSAXkiuQVYQ=="],

    "@firebase/app-check-compat": ["@firebase/app-check-compat@0.3.26", "", { "dependencies": { "@firebase/app-check": "0.10.1", "@firebase/app-check-types": "0.5.3", "@firebase/component": "0.6.18", "@firebase/logger": "0.4.4", "@firebase/util": "1.12.1", "tslib": "^2.1.0" }, "peerDependencies": { "@firebase/app-compat": "0.x" } }, "sha512-PkX+XJMLDea6nmnopzFKlr+s2LMQGqdyT2DHdbx1v1dPSqOol2YzgpgymmhC67vitXVpNvS3m/AiWQWWhhRRPQ=="],

    "@firebase/app-check-interop-types": ["@firebase/app-check-interop-types@0.3.3", "", {}, "sha512-gAlxfPLT2j8bTI/qfe3ahl2I2YcBQ8cFIBdhAQA4I2f3TndcO+22YizyGYuttLHPQEpWkhmpFW60VCFEPg4g5A=="],

    "@firebase/app-check-types": ["@firebase/app-check-types@0.5.3", "", {}, "sha512-hyl5rKSj0QmwPdsAxrI5x1otDlByQ7bvNvVt8G/XPO2CSwE++rmSVf3VEhaeOR4J8ZFaF0Z0NDSmLejPweZ3ng=="],

    "@firebase/app-compat": ["@firebase/app-compat@0.4.2", "", { "dependencies": { "@firebase/app": "0.13.2", "@firebase/component": "0.6.18", "@firebase/logger": "0.4.4", "@firebase/util": "1.12.1", "tslib": "^2.1.0" } }, "sha512-LssbyKHlwLeiV8GBATyOyjmHcMpX/tFjzRUCS1jnwGAew1VsBB4fJowyS5Ud5LdFbYpJeS+IQoC+RQxpK7eH3Q=="],

    "@firebase/app-types": ["@firebase/app-types@0.9.3", "", {}, "sha512-kRVpIl4vVGJ4baogMDINbyrIOtOxqhkZQg4jTq3l8Lw6WSk0xfpEYzezFu+Kl4ve4fbPl79dvwRtaFqAC/ucCw=="],

    "@firebase/auth": ["@firebase/auth@1.10.8", "", { "dependencies": { "@firebase/component": "0.6.18", "@firebase/logger": "0.4.4", "@firebase/util": "1.12.1", "tslib": "^2.1.0" }, "peerDependencies": { "@firebase/app": "0.x", "@react-native-async-storage/async-storage": "^1.18.1" }, "optionalPeers": ["@react-native-async-storage/async-storage"] }, "sha512-GpuTz5ap8zumr/ocnPY57ZanX02COsXloY6Y/2LYPAuXYiaJRf6BAGDEdRq1BMjP93kqQnKNuKZUTMZbQ8MNYA=="],

    "@firebase/auth-compat": ["@firebase/auth-compat@0.5.28", "", { "dependencies": { "@firebase/auth": "1.10.8", "@firebase/auth-types": "0.13.0", "@firebase/component": "0.6.18", "@firebase/util": "1.12.1", "tslib": "^2.1.0" }, "peerDependencies": { "@firebase/app-compat": "0.x" } }, "sha512-HpMSo/cc6Y8IX7bkRIaPPqT//Jt83iWy5rmDWeThXQCAImstkdNo3giFLORJwrZw2ptiGkOij64EH1ztNJzc7Q=="],

    "@firebase/auth-interop-types": ["@firebase/auth-interop-types@0.2.4", "", {}, "sha512-JPgcXKCuO+CWqGDnigBtvo09HeBs5u/Ktc2GaFj2m01hLarbxthLNm7Fk8iOP1aqAtXV+fnnGj7U28xmk7IwVA=="],

    "@firebase/auth-types": ["@firebase/auth-types@0.13.0", "", { "peerDependencies": { "@firebase/app-types": "0.x", "@firebase/util": "1.x" } }, "sha512-S/PuIjni0AQRLF+l9ck0YpsMOdE8GO2KU6ubmBB7P+7TJUCQDa3R1dlgYm9UzGbbePMZsp0xzB93f2b/CgxMOg=="],

    "@firebase/component": ["@firebase/component@0.6.18", "", { "dependencies": { "@firebase/util": "1.12.1", "tslib": "^2.1.0" } }, "sha512-n28kPCkE2dL2U28fSxZJjzPPVpKsQminJ6NrzcKXAI0E/lYC8YhfwpyllScqVEvAI3J2QgJZWYgrX+1qGI+SQQ=="],

    "@firebase/data-connect": ["@firebase/data-connect@0.3.10", "", { "dependencies": { "@firebase/auth-interop-types": "0.2.4", "@firebase/component": "0.6.18", "@firebase/logger": "0.4.4", "@firebase/util": "1.12.1", "tslib": "^2.1.0" }, "peerDependencies": { "@firebase/app": "0.x" } }, "sha512-VMVk7zxIkgwlVQIWHOKFahmleIjiVFwFOjmakXPd/LDgaB/5vzwsB5DWIYo+3KhGxWpidQlR8geCIn39YflJIQ=="],

    "@firebase/database": ["@firebase/database@1.0.20", "", { "dependencies": { "@firebase/app-check-interop-types": "0.3.3", "@firebase/auth-interop-types": "0.2.4", "@firebase/component": "0.6.18", "@firebase/logger": "0.4.4", "@firebase/util": "1.12.1", "faye-websocket": "0.11.4", "tslib": "^2.1.0" } }, "sha512-H9Rpj1pQ1yc9+4HQOotFGLxqAXwOzCHsRSRjcQFNOr8lhUt6LeYjf0NSRL04sc4X0dWe8DsCvYKxMYvFG/iOJw=="],

    "@firebase/database-compat": ["@firebase/database-compat@2.0.11", "", { "dependencies": { "@firebase/component": "0.6.18", "@firebase/database": "1.0.20", "@firebase/database-types": "1.0.15", "@firebase/logger": "0.4.4", "@firebase/util": "1.12.1", "tslib": "^2.1.0" } }, "sha512-itEsHARSsYS95+udF/TtIzNeQ0Uhx4uIna0sk4E0wQJBUnLc/G1X6D7oRljoOuwwCezRLGvWBRyNrugv/esOEw=="],

    "@firebase/database-types": ["@firebase/database-types@1.0.15", "", { "dependencies": { "@firebase/app-types": "0.9.3", "@firebase/util": "1.12.1" } }, "sha512-XWHJ0VUJ0k2E9HDMlKxlgy/ZuTa9EvHCGLjaKSUvrQnwhgZuRU5N3yX6SZ+ftf2hTzZmfRkv+b3QRvGg40bKNw=="],

    "@firebase/firestore": ["@firebase/firestore@4.8.0", "", { "dependencies": { "@firebase/component": "0.6.18", "@firebase/logger": "0.4.4", "@firebase/util": "1.12.1", "@firebase/webchannel-wrapper": "1.0.3", "@grpc/grpc-js": "~1.9.0", "@grpc/proto-loader": "^0.7.8", "tslib": "^2.1.0" }, "peerDependencies": { "@firebase/app": "0.x" } }, "sha512-QSRk+Q1/CaabKyqn3C32KSFiOdZpSqI9rpLK5BHPcooElumOBooPFa6YkDdiT+/KhJtel36LdAacha9BptMj2A=="],

    "@firebase/firestore-compat": ["@firebase/firestore-compat@0.3.53", "", { "dependencies": { "@firebase/component": "0.6.18", "@firebase/firestore": "4.8.0", "@firebase/firestore-types": "3.0.3", "@firebase/util": "1.12.1", "tslib": "^2.1.0" }, "peerDependencies": { "@firebase/app-compat": "0.x" } }, "sha512-qI3yZL8ljwAYWrTousWYbemay2YZa+udLWugjdjju2KODWtLG94DfO4NALJgPLv8CVGcDHNFXoyQexdRA0Cz8Q=="],

    "@firebase/firestore-types": ["@firebase/firestore-types@3.0.3", "", { "peerDependencies": { "@firebase/app-types": "0.x", "@firebase/util": "1.x" } }, "sha512-hD2jGdiWRxB/eZWF89xcK9gF8wvENDJkzpVFb4aGkzfEaKxVRD1kjz1t1Wj8VZEp2LCB53Yx1zD8mrhQu87R6Q=="],

    "@firebase/functions": ["@firebase/functions@0.12.9", "", { "dependencies": { "@firebase/app-check-interop-types": "0.3.3", "@firebase/auth-interop-types": "0.2.4", "@firebase/component": "0.6.18", "@firebase/messaging-interop-types": "0.2.3", "@firebase/util": "1.12.1", "tslib": "^2.1.0" }, "peerDependencies": { "@firebase/app": "0.x" } }, "sha512-FG95w6vjbUXN84Ehezc2SDjGmGq225UYbHrb/ptkRT7OTuCiQRErOQuyt1jI1tvcDekdNog+anIObihNFz79Lg=="],

    "@firebase/functions-compat": ["@firebase/functions-compat@0.3.26", "", { "dependencies": { "@firebase/component": "0.6.18", "@firebase/functions": "0.12.9", "@firebase/functions-types": "0.6.3", "@firebase/util": "1.12.1", "tslib": "^2.1.0" }, "peerDependencies": { "@firebase/app-compat": "0.x" } }, "sha512-A798/6ff5LcG2LTWqaGazbFYnjBW8zc65YfID/en83ALmkhu2b0G8ykvQnLtakbV9ajrMYPn7Yc/XcYsZIUsjA=="],

    "@firebase/functions-types": ["@firebase/functions-types@0.6.3", "", {}, "sha512-EZoDKQLUHFKNx6VLipQwrSMh01A1SaL3Wg6Hpi//x6/fJ6Ee4hrAeswK99I5Ht8roiniKHw4iO0B1Oxj5I4plg=="],

    "@firebase/installations": ["@firebase/installations@0.6.18", "", { "dependencies": { "@firebase/component": "0.6.18", "@firebase/util": "1.12.1", "idb": "7.1.1", "tslib": "^2.1.0" }, "peerDependencies": { "@firebase/app": "0.x" } }, "sha512-NQ86uGAcvO8nBRwVltRL9QQ4Reidc/3whdAasgeWCPIcrhOKDuNpAALa6eCVryLnK14ua2DqekCOX5uC9XbU/A=="],

    "@firebase/installations-compat": ["@firebase/installations-compat@0.2.18", "", { "dependencies": { "@firebase/component": "0.6.18", "@firebase/installations": "0.6.18", "@firebase/installations-types": "0.5.3", "@firebase/util": "1.12.1", "tslib": "^2.1.0" }, "peerDependencies": { "@firebase/app-compat": "0.x" } }, "sha512-aLFohRpJO5kKBL/XYL4tN+GdwEB/Q6Vo9eZOM/6Kic7asSUgmSfGPpGUZO1OAaSRGwF4Lqnvi1f/f9VZnKzChw=="],

    "@firebase/installations-types": ["@firebase/installations-types@0.5.3", "", { "peerDependencies": { "@firebase/app-types": "0.x" } }, "sha512-2FJI7gkLqIE0iYsNQ1P751lO3hER+Umykel+TkLwHj6plzWVxqvfclPUZhcKFVQObqloEBTmpi2Ozn7EkCABAA=="],

    "@firebase/logger": ["@firebase/logger@0.4.4", "", { "dependencies": { "tslib": "^2.1.0" } }, "sha512-mH0PEh1zoXGnaR8gD1DeGeNZtWFKbnz9hDO91dIml3iou1gpOnLqXQ2dJfB71dj6dpmUjcQ6phY3ZZJbjErr9g=="],

    "@firebase/messaging": ["@firebase/messaging@0.12.22", "", { "dependencies": { "@firebase/component": "0.6.18", "@firebase/installations": "0.6.18", "@firebase/messaging-interop-types": "0.2.3", "@firebase/util": "1.12.1", "idb": "7.1.1", "tslib": "^2.1.0" }, "peerDependencies": { "@firebase/app": "0.x" } }, "sha512-GJcrPLc+Hu7nk+XQ70Okt3M1u1eRr2ZvpMbzbc54oTPJZySHcX9ccZGVFcsZbSZ6o1uqumm8Oc7OFkD3Rn1/og=="],

    "@firebase/messaging-compat": ["@firebase/messaging-compat@0.2.22", "", { "dependencies": { "@firebase/component": "0.6.18", "@firebase/messaging": "0.12.22", "@firebase/util": "1.12.1", "tslib": "^2.1.0" }, "peerDependencies": { "@firebase/app-compat": "0.x" } }, "sha512-5ZHtRnj6YO6f/QPa/KU6gryjmX4Kg33Kn4gRpNU6M1K47Gm8kcQwPkX7erRUYEH1mIWptfvjvXMHWoZaWjkU7A=="],

    "@firebase/messaging-interop-types": ["@firebase/messaging-interop-types@0.2.3", "", {}, "sha512-xfzFaJpzcmtDjycpDeCUj0Ge10ATFi/VHVIvEEjDNc3hodVBQADZ7BWQU7CuFpjSHE+eLuBI13z5F/9xOoGX8Q=="],

    "@firebase/performance": ["@firebase/performance@0.7.7", "", { "dependencies": { "@firebase/component": "0.6.18", "@firebase/installations": "0.6.18", "@firebase/logger": "0.4.4", "@firebase/util": "1.12.1", "tslib": "^2.1.0", "web-vitals": "^4.2.4" }, "peerDependencies": { "@firebase/app": "0.x" } }, "sha512-JTlTQNZKAd4+Q5sodpw6CN+6NmwbY72av3Lb6wUKTsL7rb3cuBIhQSrslWbVz0SwK3x0ZNcqX24qtRbwKiv+6w=="],

    "@firebase/performance-compat": ["@firebase/performance-compat@0.2.20", "", { "dependencies": { "@firebase/component": "0.6.18", "@firebase/logger": "0.4.4", "@firebase/performance": "0.7.7", "@firebase/performance-types": "0.2.3", "@firebase/util": "1.12.1", "tslib": "^2.1.0" }, "peerDependencies": { "@firebase/app-compat": "0.x" } }, "sha512-XkFK5NmOKCBuqOKWeRgBUFZZGz9SzdTZp4OqeUg+5nyjapTiZ4XoiiUL8z7mB2q+63rPmBl7msv682J3rcDXIQ=="],

    "@firebase/performance-types": ["@firebase/performance-types@0.2.3", "", {}, "sha512-IgkyTz6QZVPAq8GSkLYJvwSLr3LS9+V6vNPQr0x4YozZJiLF5jYixj0amDtATf1X0EtYHqoPO48a9ija8GocxQ=="],

    "@firebase/remote-config": ["@firebase/remote-config@0.6.5", "", { "dependencies": { "@firebase/component": "0.6.18", "@firebase/installations": "0.6.18", "@firebase/logger": "0.4.4", "@firebase/util": "1.12.1", "tslib": "^2.1.0" }, "peerDependencies": { "@firebase/app": "0.x" } }, "sha512-fU0c8HY0vrVHwC+zQ/fpXSqHyDMuuuglV94VF6Yonhz8Fg2J+KOowPGANM0SZkLvVOYpTeWp3ZmM+F6NjwWLnw=="],

    "@firebase/remote-config-compat": ["@firebase/remote-config-compat@0.2.18", "", { "dependencies": { "@firebase/component": "0.6.18", "@firebase/logger": "0.4.4", "@firebase/remote-config": "0.6.5", "@firebase/remote-config-types": "0.4.0", "@firebase/util": "1.12.1", "tslib": "^2.1.0" }, "peerDependencies": { "@firebase/app-compat": "0.x" } }, "sha512-YiETpldhDy7zUrnS8e+3l7cNs0sL7+tVAxvVYU0lu7O+qLHbmdtAxmgY+wJqWdW2c9nDvBFec7QiF58pEUu0qQ=="],

    "@firebase/remote-config-types": ["@firebase/remote-config-types@0.4.0", "", {}, "sha512-7p3mRE/ldCNYt8fmWMQ/MSGRmXYlJ15Rvs9Rk17t8p0WwZDbeK7eRmoI1tvCPaDzn9Oqh+yD6Lw+sGLsLg4kKg=="],

    "@firebase/storage": ["@firebase/storage@0.13.14", "", { "dependencies": { "@firebase/component": "0.6.18", "@firebase/util": "1.12.1", "tslib": "^2.1.0" }, "peerDependencies": { "@firebase/app": "0.x" } }, "sha512-xTq5ixxORzx+bfqCpsh+o3fxOsGoDjC1nO0Mq2+KsOcny3l7beyBhP/y1u5T6mgsFQwI1j6oAkbT5cWdDBx87g=="],

    "@firebase/storage-compat": ["@firebase/storage-compat@0.3.24", "", { "dependencies": { "@firebase/component": "0.6.18", "@firebase/storage": "0.13.14", "@firebase/storage-types": "0.8.3", "@firebase/util": "1.12.1", "tslib": "^2.1.0" }, "peerDependencies": { "@firebase/app-compat": "0.x" } }, "sha512-XHn2tLniiP7BFKJaPZ0P8YQXKiVJX+bMyE2j2YWjYfaddqiJnROJYqSomwW6L3Y+gZAga35ONXUJQju6MB6SOQ=="],

    "@firebase/storage-types": ["@firebase/storage-types@0.8.3", "", { "peerDependencies": { "@firebase/app-types": "0.x", "@firebase/util": "1.x" } }, "sha512-+Muk7g9uwngTpd8xn9OdF/D48uiQ7I1Fae7ULsWPuKoCH3HU7bfFPhxtJYzyhjdniowhuDpQcfPmuNRAqZEfvg=="],

    "@firebase/util": ["@firebase/util@1.12.1", "", { "dependencies": { "tslib": "^2.1.0" } }, "sha512-zGlBn/9Dnya5ta9bX/fgEoNC3Cp8s6h+uYPYaDieZsFOAdHP/ExzQ/eaDgxD3GOROdPkLKpvKY0iIzr9adle0w=="],

    "@firebase/webchannel-wrapper": ["@firebase/webchannel-wrapper@1.0.3", "", {}, "sha512-2xCRM9q9FlzGZCdgDMJwc0gyUkWFtkosy7Xxr6sFgQwn+wMNIWd7xIvYNauU1r64B5L5rsGKy/n9TKJ0aAFeqQ=="],

    "@grpc/grpc-js": ["@grpc/grpc-js@1.9.15", "", { "dependencies": { "@grpc/proto-loader": "^0.7.8", "@types/node": ">=12.12.47" } }, "sha512-nqE7Hc0AzI+euzUwDAy0aY5hCp10r734gMGRdU+qOPX0XSceI2ULrcXB5U2xSc5VkWwalCj4M7GzCAygZl2KoQ=="],

    "@grpc/proto-loader": ["@grpc/proto-loader@0.7.15", "", { "dependencies": { "lodash.camelcase": "^4.3.0", "long": "^5.0.0", "protobufjs": "^7.2.5", "yargs": "^17.7.2" }, "bin": { "proto-loader-gen-types": "build/bin/proto-loader-gen-types.js" } }, "sha512-tMXdRCfYVixjuFK+Hk0Q1s38gV9zDiDJfWL3h1rv4Qc39oILCu1TRTDt7+fGUI8K4G1Fj125Hx/ru3azECWTyQ=="],

    "@img/sharp-darwin-arm64": ["@img/sharp-darwin-arm64@0.33.5", "", { "optionalDependencies": { "@img/sharp-libvips-darwin-arm64": "1.0.4" }, "os": "darwin", "cpu": "arm64" }, "sha512-UT4p+iz/2H4twwAoLCqfA9UH5pI6DggwKEGuaPy7nCVQ8ZsiY5PIcrRvD1DzuY3qYL07NtIQcWnBSY/heikIFQ=="],

    "@img/sharp-darwin-x64": ["@img/sharp-darwin-x64@0.33.5", "", { "optionalDependencies": { "@img/sharp-libvips-darwin-x64": "1.0.4" }, "os": "darwin", "cpu": "x64" }, "sha512-fyHac4jIc1ANYGRDxtiqelIbdWkIuQaI84Mv45KvGRRxSAa7o7d1ZKAOBaYbnepLC1WqxfpimdeWfvqqSGwR2Q=="],

    "@img/sharp-libvips-darwin-arm64": ["@img/sharp-libvips-darwin-arm64@1.0.4", "", { "os": "darwin", "cpu": "arm64" }, "sha512-XblONe153h0O2zuFfTAbQYAX2JhYmDHeWikp1LM9Hul9gVPjFY427k6dFEcOL72O01QxQsWi761svJ/ev9xEDg=="],

    "@img/sharp-libvips-darwin-x64": ["@img/sharp-libvips-darwin-x64@1.0.4", "", { "os": "darwin", "cpu": "x64" }, "sha512-xnGR8YuZYfJGmWPvmlunFaWJsb9T/AO2ykoP3Fz/0X5XV2aoYBPkX6xqCQvUTKKiLddarLaxpzNe+b1hjeWHAQ=="],

    "@img/sharp-libvips-linux-arm": ["@img/sharp-libvips-linux-arm@1.0.5", "", { "os": "linux", "cpu": "arm" }, "sha512-gvcC4ACAOPRNATg/ov8/MnbxFDJqf/pDePbBnuBDcjsI8PssmjoKMAz4LtLaVi+OnSb5FK/yIOamqDwGmXW32g=="],

    "@img/sharp-libvips-linux-arm64": ["@img/sharp-libvips-linux-arm64@1.0.4", "", { "os": "linux", "cpu": "arm64" }, "sha512-9B+taZ8DlyyqzZQnoeIvDVR/2F4EbMepXMc/NdVbkzsJbzkUjhXv/70GQJ7tdLA4YJgNP25zukcxpX2/SueNrA=="],

    "@img/sharp-libvips-linux-s390x": ["@img/sharp-libvips-linux-s390x@1.0.4", "", { "os": "linux", "cpu": "s390x" }, "sha512-u7Wz6ntiSSgGSGcjZ55im6uvTrOxSIS8/dgoVMoiGE9I6JAfU50yH5BoDlYA1tcuGS7g/QNtetJnxA6QEsCVTA=="],

    "@img/sharp-libvips-linux-x64": ["@img/sharp-libvips-linux-x64@1.0.4", "", { "os": "linux", "cpu": "x64" }, "sha512-MmWmQ3iPFZr0Iev+BAgVMb3ZyC4KeFc3jFxnNbEPas60e1cIfevbtuyf9nDGIzOaW9PdnDciJm+wFFaTlj5xYw=="],

    "@img/sharp-libvips-linuxmusl-arm64": ["@img/sharp-libvips-linuxmusl-arm64@1.0.4", "", { "os": "linux", "cpu": "arm64" }, "sha512-9Ti+BbTYDcsbp4wfYib8Ctm1ilkugkA/uscUn6UXK1ldpC1JjiXbLfFZtRlBhjPZ5o1NCLiDbg8fhUPKStHoTA=="],

    "@img/sharp-libvips-linuxmusl-x64": ["@img/sharp-libvips-linuxmusl-x64@1.0.4", "", { "os": "linux", "cpu": "x64" }, "sha512-viYN1KX9m+/hGkJtvYYp+CCLgnJXwiQB39damAO7WMdKWlIhmYTfHjwSbQeUK/20vY154mwezd9HflVFM1wVSw=="],

    "@img/sharp-linux-arm": ["@img/sharp-linux-arm@0.33.5", "", { "optionalDependencies": { "@img/sharp-libvips-linux-arm": "1.0.5" }, "os": "linux", "cpu": "arm" }, "sha512-JTS1eldqZbJxjvKaAkxhZmBqPRGmxgu+qFKSInv8moZ2AmT5Yib3EQ1c6gp493HvrvV8QgdOXdyaIBrhvFhBMQ=="],

    "@img/sharp-linux-arm64": ["@img/sharp-linux-arm64@0.33.5", "", { "optionalDependencies": { "@img/sharp-libvips-linux-arm64": "1.0.4" }, "os": "linux", "cpu": "arm64" }, "sha512-JMVv+AMRyGOHtO1RFBiJy/MBsgz0x4AWrT6QoEVVTyh1E39TrCUpTRI7mx9VksGX4awWASxqCYLCV4wBZHAYxA=="],

    "@img/sharp-linux-s390x": ["@img/sharp-linux-s390x@0.33.5", "", { "optionalDependencies": { "@img/sharp-libvips-linux-s390x": "1.0.4" }, "os": "linux", "cpu": "s390x" }, "sha512-y/5PCd+mP4CA/sPDKl2961b+C9d+vPAveS33s6Z3zfASk2j5upL6fXVPZi7ztePZ5CuH+1kW8JtvxgbuXHRa4Q=="],

    "@img/sharp-linux-x64": ["@img/sharp-linux-x64@0.33.5", "", { "optionalDependencies": { "@img/sharp-libvips-linux-x64": "1.0.4" }, "os": "linux", "cpu": "x64" }, "sha512-opC+Ok5pRNAzuvq1AG0ar+1owsu842/Ab+4qvU879ippJBHvyY5n2mxF1izXqkPYlGuP/M556uh53jRLJmzTWA=="],

    "@img/sharp-linuxmusl-arm64": ["@img/sharp-linuxmusl-arm64@0.33.5", "", { "optionalDependencies": { "@img/sharp-libvips-linuxmusl-arm64": "1.0.4" }, "os": "linux", "cpu": "arm64" }, "sha512-XrHMZwGQGvJg2V/oRSUfSAfjfPxO+4DkiRh6p2AFjLQztWUuY/o8Mq0eMQVIY7HJ1CDQUJlxGGZRw1a5bqmd1g=="],

    "@img/sharp-linuxmusl-x64": ["@img/sharp-linuxmusl-x64@0.33.5", "", { "optionalDependencies": { "@img/sharp-libvips-linuxmusl-x64": "1.0.4" }, "os": "linux", "cpu": "x64" }, "sha512-WT+d/cgqKkkKySYmqoZ8y3pxx7lx9vVejxW/W4DOFMYVSkErR+w7mf2u8m/y4+xHe7yY9DAXQMWQhpnMuFfScw=="],

    "@img/sharp-wasm32": ["@img/sharp-wasm32@0.33.5", "", { "dependencies": { "@emnapi/runtime": "^1.2.0" }, "cpu": "none" }, "sha512-ykUW4LVGaMcU9lu9thv85CbRMAwfeadCJHRsg2GmeRa/cJxsVY9Rbd57JcMxBkKHag5U/x7TSBpScF4U8ElVzg=="],

    "@img/sharp-win32-ia32": ["@img/sharp-win32-ia32@0.33.5", "", { "os": "win32", "cpu": "ia32" }, "sha512-T36PblLaTwuVJ/zw/LaH0PdZkRz5rd3SmMHX8GSmR7vtNSP5Z6bQkExdSK7xGWyxLw4sUknBuugTelgw2faBbQ=="],

    "@img/sharp-win32-x64": ["@img/sharp-win32-x64@0.33.5", "", { "os": "win32", "cpu": "x64" }, "sha512-MpY/o8/8kj+EcnxwvrP4aTJSWw/aZ7JIGR4aBeZkZw5B7/Jn+tY9/VNwtcoGmdT7GfggGIU4kygOMSbYnOrAbg=="],

    "@jridgewell/resolve-uri": ["@jridgewell/resolve-uri@3.1.2", "", {}, "sha512-bRISgCIjP20/tbWSPWMEi54QVPRZExkuD9lJL+UIxUKtwVJA8wW1Trb1jMs1RFXo1CBTNZ/5hpC9QvmKWdopKw=="],

    "@jridgewell/sourcemap-codec": ["@jridgewell/sourcemap-codec@1.5.5", "", {}, "sha512-cYQ9310grqxueWbl+WuIUIaiUaDcj7WOq5fVhEljNVgRfOUhY9fy2zTvfoqWsnebh8Sl70VScFbICvJnLKB0Og=="],

    "@jridgewell/trace-mapping": ["@jridgewell/trace-mapping@0.3.9", "", { "dependencies": { "@jridgewell/resolve-uri": "^3.0.3", "@jridgewell/sourcemap-codec": "^1.4.10" } }, "sha512-3Belt6tdc8bPgAtbcmdtNJlirVoTmEb5e2gC94PnkwEW9jI6CAHUeoG85tjWP5WquqfavoMtMwiG4P926ZKKuQ=="],

    "@protobufjs/aspromise": ["@protobufjs/aspromise@1.1.2", "", {}, "sha512-j+gKExEuLmKwvz3OgROXtrJ2UG2x8Ch2YZUxahh+s1F2HZ+wAceUNLkvy6zKCPVRkU++ZWQrdxsUeQXmcg4uoQ=="],

    "@protobufjs/base64": ["@protobufjs/base64@1.1.2", "", {}, "sha512-AZkcAA5vnN/v4PDqKyMR5lx7hZttPDgClv83E//FMNhR2TMcLUhfRUBHCmSl0oi9zMgDDqRUJkSxO3wm85+XLg=="],

    "@protobufjs/codegen": ["@protobufjs/codegen@2.0.4", "", {}, "sha512-YyFaikqM5sH0ziFZCN3xDC7zeGaB/d0IUb9CATugHWbd1FRFwWwt4ld4OYMPWu5a3Xe01mGAULCdqhMlPl29Jg=="],

    "@protobufjs/eventemitter": ["@protobufjs/eventemitter@1.1.0", "", {}, "sha512-j9ednRT81vYJ9OfVuXG6ERSTdEL1xVsNgqpkxMsbIabzSo3goCjDIveeGv5d03om39ML71RdmrGNjG5SReBP/Q=="],

    "@protobufjs/fetch": ["@protobufjs/fetch@1.1.0", "", { "dependencies": { "@protobufjs/aspromise": "^1.1.1", "@protobufjs/inquire": "^1.1.0" } }, "sha512-lljVXpqXebpsijW71PZaCYeIcE5on1w5DlQy5WH6GLbFryLUrBD4932W/E2BSpfRJWseIL4v/KPgBFxDOIdKpQ=="],

    "@protobufjs/float": ["@protobufjs/float@1.0.2", "", {}, "sha512-Ddb+kVXlXst9d+R9PfTIxh1EdNkgoRe5tOX6t01f1lYWOvJnSPDBlG241QLzcyPdoNTsblLUdujGSE4RzrTZGQ=="],

    "@protobufjs/inquire": ["@protobufjs/inquire@1.1.0", "", {}, "sha512-kdSefcPdruJiFMVSbn801t4vFK7KB/5gd2fYvrxhuJYg8ILrmn9SKSX2tZdV6V+ksulWqS7aXjBcRXl3wHoD9Q=="],

    "@protobufjs/path": ["@protobufjs/path@1.1.2", "", {}, "sha512-6JOcJ5Tm08dOHAbdR3GrvP+yUUfkjG5ePsHYczMFLq3ZmMkAD98cDgcT2iA1lJ9NVwFd4tH/iSSoe44YWkltEA=="],

    "@protobufjs/pool": ["@protobufjs/pool@1.1.0", "", {}, "sha512-0kELaGSIDBKvcgS4zkjz1PeddatrjYcmMWOlAuAPwAeccUrPHdUqo/J6LiymHHEiJT5NrF1UVwxY14f+fy4WQw=="],

    "@protobufjs/utf8": ["@protobufjs/utf8@1.1.0", "", {}, "sha512-Vvn3zZrhQZkkBE8LSuW3em98c0FwgO4nxzv6OdSxPKJIEKY2bGbHn+mhGIPerzI4twdxaP8/0+06HBpwf345Lw=="],

    "@tsconfig/node-lts": ["@tsconfig/node-lts@22.0.4", "", {}, "sha512-5eAeCX6l/EYe6H2UAw5nBgjfAgdlsR+lSp8YNNGwz+ixoi7JfJ5bOQvsiEhxGm5bOZFVF+cJSIj4tanpCCRMIw=="],

    "@tsconfig/recommended": ["@tsconfig/recommended@1.0.13", "", {}, "sha512-sySRuBfMKyKO/j2ZAhR8kSembhjuPEV4Ra3AHtmWLq51+iGaudr45crPSzNC5b7/Ctrh9dfUpBuTlYrH6rM58Q=="],

    "@tsconfig/strictest": ["@tsconfig/strictest@2.0.8", "", {}, "sha512-XnQ7vNz5HRN0r88GYf1J9JJjqtZPiHt2woGJOo2dYqyHGGcd6OLGqSlBB6p1j9mpzja6Oe5BoPqWmeDx6X9rLw=="],

    "@types/node": ["@types/node@25.0.3", "", { "dependencies": { "undici-types": "~7.16.0" } }, "sha512-W609buLVRVmeW693xKfzHeIV6nJGGz98uCPfeXI1ELMLXVeKYZ9m15fAMSaUPBHYLGFsVRcMmSCksQOrZV9BYA=="],

    "acorn": ["acorn@8.14.0", "", { "bin": { "acorn": "bin/acorn" } }, "sha512-cl669nCJTZBsL97OF4kUQm5g5hC2uihk0NxY3WENAC0TYdILVkAyHymAntgxGkl7K+t0cXIrH5siy5S4XkFycA=="],

    "acorn-walk": ["acorn-walk@8.3.2", "", {}, "sha512-cjkyv4OtNCIeqhHrfS81QWXoCBPExR/J62oyEqepVw8WaQeSqpW2uhuLPh1m9eWhDuOo/jUXVTlifvesOWp/4A=="],

    "ansi-regex": ["ansi-regex@5.0.1", "", {}, "sha512-quJQXlTSUGL2LH9SUXo8VwsY4soanhgo6LNSm84E1LBcE8s3O0wpdiRzyR9z/ZZJMlMWv37qOOb9pdJlMUEKFQ=="],

    "ansi-styles": ["ansi-styles@4.3.0", "", { "dependencies": { "color-convert": "^2.0.1" } }, "sha512-zbB9rCJAT1rbjiVDb2hqKFHNYLxgtk8NURxZ3IZwD3F6NtxbXZQCnnSi1Lkx+IDohdPlFp222wVALIheZJQSEg=="],

    "as-table": ["as-table@1.0.55", "", { "dependencies": { "printable-characters": "^1.0.42" } }, "sha512-xvsWESUJn0JN421Xb9MQw6AsMHRCUknCe0Wjlxvjud80mU4E6hQf1A6NzQKcYNmYw62MfzEtXc+badstZP3JpQ=="],

    "blake3-wasm": ["blake3-wasm@2.1.5", "", {}, "sha512-F1+K8EbfOZE49dtoPtmxUQrpXaBIl3ICvasLh+nJta0xkz+9kF/7uet9fLnwKqhDrmj6g+6K3Tw9yQPUg2ka5g=="],

    "cliui": ["cliui@8.0.1", "", { "dependencies": { "string-width": "^4.2.0", "strip-ansi": "^6.0.1", "wrap-ansi": "^7.0.0" } }, "sha512-BSeNnyus75C4//NQ9gQt1/csTXyo/8Sb+afLAkzAptFuMsod9HFokGNudZpi/oQV73hnVK+sR+5PVRMd+Dr7YQ=="],

    "color": ["color@4.2.3", "", { "dependencies": { "color-convert": "^2.0.1", "color-string": "^1.9.0" } }, "sha512-1rXeuUUiGGrykh+CeBdu5Ie7OJwinCgQY0bc7GCRxy5xVHy+moaqkpL/jqQq0MtQOeYcrqEz4abc5f0KtU7W4A=="],

    "color-convert": ["color-convert@2.0.1", "", { "dependencies": { "color-name": "~1.1.4" } }, "sha512-RRECPsj7iu/xb5oKYcsFHSppFNnsj/52OVTRKb4zP5onXwVF3zVmmToNcOfGC+CRDpfK/U584fMg38ZHCaElKQ=="],

    "color-name": ["color-name@1.1.4", "", {}, "sha512-dOy+3AuW3a2wNbZHIuMZpTcgjGuLU/uBL/ubcZF9OXbDo8ff4O8yVp5Bf0efS8uEoYo5q4Fx7dY9OgQGXgAsQA=="],

    "color-string": ["color-string@1.9.1", "", { "dependencies": { "color-name": "^1.0.0", "simple-swizzle": "^0.2.2" } }, "sha512-shrVawQFojnZv6xM40anx4CkoDP+fZsw/ZerEMsW/pyzsRbElpsL/DBVW7q3ExxwusdNXI3lXpuhEZkzs8p5Eg=="],

    "cookie": ["cookie@0.7.2", "", {}, "sha512-yki5XnKuf750l50uGTllt6kKILY4nQ1eNIQatoXEByZ5dWgnKqbnqmTrBE5B4N7lrMJKQ2ytWMiTO2o0v6Ew/w=="],

    "data-uri-to-buffer": ["data-uri-to-buffer@2.0.2", "", {}, "sha512-ND9qDTLc6diwj+Xe5cdAgVTbLVdXbtxTJRXRhli8Mowuaan+0EJOtdqJ0QCHNSSPyoXGx9HX2/VMnKeC34AChA=="],

    "defu": ["defu@6.1.4", "", {}, "sha512-mEQCMmwJu317oSz8CwdIOdwf3xMif1ttiM8LTufzc3g6kR+9Pe236twL8j3IYT1F7GfRgGcW6MWxzZjLIkuHIg=="],

    "detect-libc": ["detect-libc@2.1.2", "", {}, "sha512-Btj2BOOO83o3WyH59e8MgXsxEQVcarkUOpEYrubB0urwnN10yQ364rsiByU11nZlqWYZm05i/of7io4mzihBtQ=="],

    "emoji-regex": ["emoji-regex@8.0.0", "", {}, "sha512-MSjYzcWNOA0ewAHpz0MxpYFvwg6yjy1NG3xteoqz644VCo/RPgnr1/GGt+ic3iJTzQ8Eu3TdM14SawnVUmGE6A=="],

    "esbuild": ["esbuild@0.17.19", "", { "optionalDependencies": { "@esbuild/android-arm": "0.17.19", "@esbuild/android-arm64": "0.17.19", "@esbuild/android-x64": "0.17.19", "@esbuild/darwin-arm64": "0.17.19", "@esbuild/darwin-x64": "0.17.19", "@esbuild/freebsd-arm64": "0.17.19", "@esbuild/freebsd-x64": "0.17.19", "@esbuild/linux-arm": "0.17.19", "@esbuild/linux-arm64": "0.17.19", "@esbuild/linux-ia32": "0.17.19", "@esbuild/linux-loong64": "0.17.19", "@esbuild/linux-mips64el": "0.17.19", "@esbuild/linux-ppc64": "0.17.19", "@esbuild/linux-riscv64": "0.17.19", "@esbuild/linux-s390x": "0.17.19", "@esbuild/linux-x64": "0.17.19", "@esbuild/netbsd-x64": "0.17.19", "@esbuild/openbsd-x64": "0.17.19", "@esbuild/sunos-x64": "0.17.19", "@esbuild/win32-arm64": "0.17.19", "@esbuild/win32-ia32": "0.17.19", "@esbuild/win32-x64": "0.17.19" }, "bin": { "esbuild": "bin/esbuild" } }, "sha512-XQ0jAPFkK/u3LcVRcvVHQcTIqD6E2H1fvZMA5dQPSOWb3suUbWbfbRf94pjc0bNzRYLfIrDRQXr7X+LHIm5oHw=="],

    "escalade": ["escalade@3.2.0", "", {}, "sha512-WUj2qlxaQtO4g6Pq5c29GTcWGDyd8itL8zTlipgECz3JesAiiOKotd8JU6otB3PACgG6xkJUyVhboMS+bje/jA=="],

    "escape-string-regexp": ["escape-string-regexp@4.0.0", "", {}, "sha512-TtpcNJ3XAzx3Gq8sWRzJaVajRs0uVxA2YAkdb1jm2YkPz4G6egUFAyA3n5vtEIZefPk5Wa4UXbKuS5fKkJWdgA=="],

    "estree-walker": ["estree-walker@0.6.1", "", {}, "sha512-SqmZANLWS0mnatqbSfRP5g8OXZC12Fgg1IwNtLsyHDzJizORW4khDfjPqJZsemPWBB2uqykUah5YpQ6epsqC/w=="],

    "exit-hook": ["exit-hook@2.2.1", "", {}, "sha512-eNTPlAD67BmP31LDINZ3U7HSF8l57TxOY2PmBJ1shpCvpnxBF93mWCE8YHBnXs8qiUZJc9WDcWIeC3a2HIAMfw=="],

    "exsolve": ["exsolve@1.0.8", "", {}, "sha512-LmDxfWXwcTArk8fUEnOfSZpHOJ6zOMUJKOtFLFqJLoKJetuQG874Uc7/Kki7zFLzYybmZhp1M7+98pfMqeX8yA=="],

    "faye-websocket": ["faye-websocket@0.11.4", "", { "dependencies": { "websocket-driver": ">=0.5.1" } }, "sha512-CzbClwlXAuiRQAlUyfqPgvPoNKTckTPGfwZV4ZdAhVcP2lh9KUxJg2b5GkE7XbjKQ3YJnQ9z6D9ntLAlB+tP8g=="],

    "firebase": ["firebase@11.10.0", "", { "dependencies": { "@firebase/ai": "1.4.1", "@firebase/analytics": "0.10.17", "@firebase/analytics-compat": "0.2.23", "@firebase/app": "0.13.2", "@firebase/app-check": "0.10.1", "@firebase/app-check-compat": "0.3.26", "@firebase/app-compat": "0.4.2", "@firebase/app-types": "0.9.3", "@firebase/auth": "1.10.8", "@firebase/auth-compat": "0.5.28", "@firebase/data-connect": "0.3.10", "@firebase/database": "1.0.20", "@firebase/database-compat": "2.0.11", "@firebase/firestore": "4.8.0", "@firebase/firestore-compat": "0.3.53", "@firebase/functions": "0.12.9", "@firebase/functions-compat": "0.3.26", "@firebase/installations": "0.6.18", "@firebase/installations-compat": "0.2.18", "@firebase/messaging": "0.12.22", "@firebase/messaging-compat": "0.2.22", "@firebase/performance": "0.7.7", "@firebase/performance-compat": "0.2.20", "@firebase/remote-config": "0.6.5", "@firebase/remote-config-compat": "0.2.18", "@firebase/storage": "0.13.14", "@firebase/storage-compat": "0.3.24", "@firebase/util": "1.12.1" } }, "sha512-nKBXoDzF0DrXTBQJlZa+sbC5By99ysYU1D6PkMRYknm0nCW7rJly47q492Ht7Ndz5MeYSBuboKuhS1e6mFC03w=="],

    "fsevents": ["fsevents@2.3.3", "", { "os": "darwin" }, "sha512-5xoDfX+fL7faATnagmWPpbFtwh/R77WmMMqqHGS65C3vvB0YHrgF+B1YmZ3441tMj5n63k0212XNoJwzlhffQw=="],

    "get-caller-file": ["get-caller-file@2.0.5", "", {}, "sha512-DyFP3BM/3YHTQOCUL/w0OZHR0lpKeGrxotcHWcqNEdnltqFwXVfhEBQ94eIo34AfQpo0rGki4cyIiftY06h2Fg=="],

    "get-source": ["get-source@2.0.12", "", { "dependencies": { "data-uri-to-buffer": "^2.0.0", "source-map": "^0.6.1" } }, "sha512-X5+4+iD+HoSeEED+uwrQ07BOQr0kEDFMVqqpBuI+RaZBpBpHCuXxo70bjar6f0b0u/DQJsJ7ssurpP0V60Az+w=="],

    "glob-to-regexp": ["glob-to-regexp@0.4.1", "", {}, "sha512-lkX1HJXwyMcprw/5YUZc2s7DrpAiHB21/V+E1rHUrVNokkvB6bqMzT0VfV6/86ZNabt1k14YOIaT7nDvOX3Iiw=="],

    "http-parser-js": ["http-parser-js@0.5.10", "", {}, "sha512-Pysuw9XpUq5dVc/2SMHpuTY01RFl8fttgcyunjL7eEMhGM3cI4eOmiCycJDVCo/7O7ClfQD3SaI6ftDzqOXYMA=="],

    "idb": ["idb@7.1.1", "", {}, "sha512-gchesWBzyvGHRO9W8tzUWFDycow5gwjvFKfyV9FF32Y7F50yZMp7mP+T2mJIWFx49zicqyC4uefHM17o6xKIVQ=="],

    "is-arrayish": ["is-arrayish@0.3.4", "", {}, "sha512-m6UrgzFVUYawGBh1dUsWR5M2Clqic9RVXC/9f8ceNlv2IcO9j9J/z8UoCLPqtsPBFNzEpfR3xftohbfqDx8EQA=="],

    "is-fullwidth-code-point": ["is-fullwidth-code-point@3.0.0", "", {}, "sha512-zymm5+u+sCsSWyD9qNaejV3DFvhCKclKdizYaJUuHA83RLjb7nSuGnddCHGv0hk+KY7BMAlsWeK4Ueg6EV6XQg=="],

    "lodash.camelcase": ["lodash.camelcase@4.3.0", "", {}, "sha512-TwuEnCnxbc3rAvhf/LbG7tJUDzhqXyFnv3dtzLOPgCG/hODL7WFnsbwktkD7yUV0RrreP/l1PALq/YSg6VvjlA=="],

    "long": ["long@5.3.2", "", {}, "sha512-mNAgZ1GmyNhD7AuqnTG3/VQ26o760+ZYBPKjPvugO8+nLbYfX6TVpJPseBvopbdY+qpZ/lKUnmEc1LeZYS3QAA=="],

    "magic-string": ["magic-string@0.25.9", "", { "dependencies": { "sourcemap-codec": "^1.4.8" } }, "sha512-RmF0AsMzgt25qzqqLc1+MbHmhdx0ojF2Fvs4XnOqz2ZOBXzzkEwc/dJQZCYHAn7v1jbVOjAZfK8msRn4BxO4VQ=="],

    "mime": ["mime@3.0.0", "", { "bin": { "mime": "cli.js" } }, "sha512-jSCU7/VB1loIWBZe14aEYHU/+1UMEHoaO7qxCOVJOw9GgH72VAWppxNcjU+x9a2k3GSIBXNKxXQFqRvvZ7vr3A=="],

    "miniflare": ["miniflare@3.20250718.3", "", { "dependencies": { "@cspotcode/source-map-support": "0.8.1", "acorn": "8.14.0", "acorn-walk": "8.3.2", "exit-hook": "2.2.1", "glob-to-regexp": "0.4.1", "stoppable": "1.1.0", "undici": "^5.28.5", "workerd": "1.20250718.0", "ws": "8.18.0", "youch": "3.3.4", "zod": "3.22.3" }, "bin": { "miniflare": "bootstrap.js" } }, "sha512-JuPrDJhwLrNLEJiNLWO7ZzJrv/Vv9kZuwMYCfv0LskQDM6Eonw4OvywO3CH/wCGjgHzha/qyjUh8JQ068TjDgQ=="],

    "mustache": ["mustache@4.2.0", "", { "bin": { "mustache": "bin/mustache" } }, "sha512-71ippSywq5Yb7/tVYyGbkBggbU8H3u5Rz56fH60jGFgr8uHwxs+aSKeqmluIVzM0m0kB7xQjKS6qPfd0b2ZoqQ=="],

    "ohash": ["ohash@2.0.11", "", {}, "sha512-RdR9FQrFwNBNXAr4GixM8YaRZRJ5PUWbKYbE5eOsrwAjJW0q2REGcf79oYPsLyskQCZG1PLN+S/K1V00joZAoQ=="],

    "path-to-regexp": ["path-to-regexp@6.3.0", "", {}, "sha512-Yhpw4T9C6hPpgPeA28us07OJeqZ5EzQTkbfwuhsUg0c237RomFoETJgmp2sa3F/41gfLE6G5cqcYwznmeEeOlQ=="],

    "pathe": ["pathe@2.0.3", "", {}, "sha512-WUjGcAqP1gQacoQe+OBJsFA7Ld4DyXuUIjZ5cc75cLHvJ7dtNsTugphxIADwspS+AraAUePCKrSVtPLFj/F88w=="],

    "printable-characters": ["printable-characters@1.0.42", "", {}, "sha512-dKp+C4iXWK4vVYZmYSd0KBH5F/h1HoZRsbJ82AVKRO3PEo8L4lBS/vLwhVtpwwuYcoIsVY+1JYKR268yn480uQ=="],

    "protobufjs": ["protobufjs@7.5.4", "", { "dependencies": { "@protobufjs/aspromise": "^1.1.2", "@protobufjs/base64": "^1.1.2", "@protobufjs/codegen": "^2.0.4", "@protobufjs/eventemitter": "^1.1.0", "@protobufjs/fetch": "^1.1.0", "@protobufjs/float": "^1.0.2", "@protobufjs/inquire": "^1.1.0", "@protobufjs/path": "^1.1.2", "@protobufjs/pool": "^1.1.0", "@protobufjs/utf8": "^1.1.0", "@types/node": ">=13.7.0", "long": "^5.0.0" } }, "sha512-CvexbZtbov6jW2eXAvLukXjXUW1TzFaivC46BpWc/3BpcCysb5Vffu+B3XHMm8lVEuy2Mm4XGex8hBSg1yapPg=="],

    "require-directory": ["require-directory@2.1.1", "", {}, "sha512-fGxEI7+wsG9xrvdjsrlmL22OMTTiHRwAMroiEeMgq8gzoLC/PQr7RsRDSTLUg/bZAZtF+TVIkHc6/4RIKrui+Q=="],

    "rollup-plugin-inject": ["rollup-plugin-inject@3.0.2", "", { "dependencies": { "estree-walker": "^0.6.1", "magic-string": "^0.25.3", "rollup-pluginutils": "^2.8.1" } }, "sha512-ptg9PQwzs3orn4jkgXJ74bfs5vYz1NCZlSQMBUA0wKcGp5i5pA1AO3fOUEte8enhGUC+iapTCzEWw2jEFFUO/w=="],

    "rollup-plugin-node-polyfills": ["rollup-plugin-node-polyfills@0.2.1", "", { "dependencies": { "rollup-plugin-inject": "^3.0.0" } }, "sha512-4kCrKPTJ6sK4/gLL/U5QzVT8cxJcofO0OU74tnB19F40cmuAKSzH5/siithxlofFEjwvw1YAhPmbvGNA6jEroA=="],

    "rollup-pluginutils": ["rollup-pluginutils@2.8.2", "", { "dependencies": { "estree-walker": "^0.6.1" } }, "sha512-EEp9NhnUkwY8aif6bxgovPHMoMoNr2FulJziTndpt5H9RdwC47GSGuII9XxpSdzVGM0GWrNPHV6ie1LTNJPaLQ=="],

    "safe-buffer": ["safe-buffer@5.2.1", "", {}, "sha512-rp3So07KcdmmKbGvgaNxQSJr7bGVSVk5S9Eq1F+ppbRo70+YeaDxkw5Dd8NPN+GD6bjnYm2VuPuCXmpuYvmCXQ=="],

    "semver": ["semver@7.7.3", "", { "bin": { "semver": "bin/semver.js" } }, "sha512-SdsKMrI9TdgjdweUSR9MweHA4EJ8YxHn8DFaDisvhVlUOe4BF1tLD7GAj0lIqWVl+dPb/rExr0Btby5loQm20Q=="],

    "sharp": ["sharp@0.33.5", "", { "dependencies": { "color": "^4.2.3", "detect-libc": "^2.0.3", "semver": "^7.6.3" }, "optionalDependencies": { "@img/sharp-darwin-arm64": "0.33.5", "@img/sharp-darwin-x64": "0.33.5", "@img/sharp-libvips-darwin-arm64": "1.0.4", "@img/sharp-libvips-darwin-x64": "1.0.4", "@img/sharp-libvips-linux-arm": "1.0.5", "@img/sharp-libvips-linux-arm64": "1.0.4", "@img/sharp-libvips-linux-s390x": "1.0.4", "@img/sharp-libvips-linux-x64": "1.0.4", "@img/sharp-libvips-linuxmusl-arm64": "1.0.4", "@img/sharp-libvips-linuxmusl-x64": "1.0.4", "@img/sharp-linux-arm": "0.33.5", "@img/sharp-linux-arm64": "0.33.5", "@img/sharp-linux-s390x": "0.33.5", "@img/sharp-linux-x64": "0.33.5", "@img/sharp-linuxmusl-arm64": "0.33.5", "@img/sharp-linuxmusl-x64": "0.33.5", "@img/sharp-wasm32": "0.33.5", "@img/sharp-win32-ia32": "0.33.5", "@img/sharp-win32-x64": "0.33.5" } }, "sha512-haPVm1EkS9pgvHrQ/F3Xy+hgcuMV0Wm9vfIBSiwZ05k+xgb0PkBQpGsAA/oWdDobNaZTH5ppvHtzCFbnSEwHVw=="],

    "simple-swizzle": ["simple-swizzle@0.2.4", "", { "dependencies": { "is-arrayish": "^0.3.1" } }, "sha512-nAu1WFPQSMNr2Zn9PGSZK9AGn4t/y97lEm+MXTtUDwfP0ksAIX4nO+6ruD9Jwut4C49SB1Ws+fbXsm/yScWOHw=="],

    "source-map": ["source-map@0.6.1", "", {}, "sha512-UjgapumWlbMhkBgzT7Ykc5YXUT46F0iKu8SGXq0bcwP5dz/h0Plj6enJqjz1Zbq2l5WaqYnrVbwWOWMyF3F47g=="],

    "sourcemap-codec": ["sourcemap-codec@1.4.8", "", {}, "sha512-9NykojV5Uih4lgo5So5dtw+f0JgJX30KCNI8gwhz2J9A15wD0Ml6tjHKwf6fTSa6fAdVBdZeNOs9eJ71qCk8vA=="],

    "stacktracey": ["stacktracey@2.1.8", "", { "dependencies": { "as-table": "^1.0.36", "get-source": "^2.0.12" } }, "sha512-Kpij9riA+UNg7TnphqjH7/CzctQ/owJGNbFkfEeve4Z4uxT5+JapVLFXcsurIfN34gnTWZNJ/f7NMG0E8JDzTw=="],

    "stoppable": ["stoppable@1.1.0", "", {}, "sha512-KXDYZ9dszj6bzvnEMRYvxgeTHU74QBFL54XKtP3nyMuJ81CFYtABZ3bAzL2EdFUaEwJOBOgENyFj3R7oTzDyyw=="],

    "string-width": ["string-width@4.2.3", "", { "dependencies": { "emoji-regex": "^8.0.0", "is-fullwidth-code-point": "^3.0.0", "strip-ansi": "^6.0.1" } }, "sha512-wKyQRQpjJ0sIp62ErSZdGsjMJWsap5oRNihHhu6G7JVO/9jIB6UyevL+tXuOqrng8j/cxKTWyWUwvSTriiZz/g=="],

    "strip-ansi": ["strip-ansi@6.0.1", "", { "dependencies": { "ansi-regex": "^5.0.1" } }, "sha512-Y38VPSHcqkFrCpFnQ9vuSXmquuv5oXOKpGeT6aGrr3o3Gc9AlVa6JBfUSOCnbxGGZF+/0ooI7KrPuUSztUdU5A=="],

    "tslib": ["tslib@2.8.1", "", {}, "sha512-oJFu94HQb+KVduSUQL7wnpmqnfmLsOA/nAh6b6EH0wCEoK0/mPeXU6c3wKDV83MkOuHPRHtSXKKU99IBazS/2w=="],

    "typescript": ["typescript@5.9.3", "", { "bin": { "tsc": "bin/tsc", "tsserver": "bin/tsserver" } }, "sha512-jl1vZzPDinLr9eUt3J/t7V6FgNEw9QjvBPdysz9KfQDD41fQrC2Y4vKQdiaUpFT4bXlb1RHhLpp8wtm6M5TgSw=="],

    "ufo": ["ufo@1.6.1", "", {}, "sha512-9a4/uxlTWJ4+a5i0ooc1rU7C7YOw3wT+UGqdeNNHWnOF9qcMBgLRS+4IYUqbczewFx4mLEig6gawh7X6mFlEkA=="],

    "undici": ["undici@5.29.0", "", { "dependencies": { "@fastify/busboy": "^2.0.0" } }, "sha512-raqeBD6NQK4SkWhQzeYKd1KmIG6dllBOTt55Rmkt4HtI9mwdWtJljnrXjAFUBLTSN67HWrOIZ3EPF4kjUw80Bg=="],

    "undici-types": ["undici-types@7.16.0", "", {}, "sha512-Zz+aZWSj8LE6zoxD+xrjh4VfkIG8Ya6LvYkZqtUQGJPZjYl53ypCaUwWqo7eI0x66KBGeRo+mlBEkMSeSZ38Nw=="],

    "unenv": ["unenv@2.0.0-rc.14", "", { "dependencies": { "defu": "^6.1.4", "exsolve": "^1.0.1", "ohash": "^2.0.10", "pathe": "^2.0.3", "ufo": "^1.5.4" } }, "sha512-od496pShMen7nOy5VmVJCnq8rptd45vh6Nx/r2iPbrba6pa6p+tS2ywuIHRZ/OBvSbQZB0kWvpO9XBNVFXHD3Q=="],

    "web-vitals": ["web-vitals@4.2.4", "", {}, "sha512-r4DIlprAGwJ7YM11VZp4R884m0Vmgr6EAKe3P+kO0PPj3Unqyvv59rczf6UiGcb9Z8QxZVcqKNwv/g0WNdWwsw=="],

    "websocket-driver": ["websocket-driver@0.7.4", "", { "dependencies": { "http-parser-js": ">=0.5.1", "safe-buffer": ">=5.1.0", "websocket-extensions": ">=0.1.1" } }, "sha512-b17KeDIQVjvb0ssuSDF2cYXSg2iztliJ4B9WdsuB6J952qCPKmnVq4DyW5motImXHDC1cBT/1UezrJVsKw5zjg=="],

    "websocket-extensions": ["websocket-extensions@0.1.4", "", {}, "sha512-OqedPIGOfsDlo31UNwYbCFMSaO9m9G/0faIHj5/dZFDMFqPTcx6UwqyOy3COEaEOg/9VsGIpdqn62W5KhoKSpg=="],

    "workerd": ["workerd@1.20250718.0", "", { "optionalDependencies": { "@cloudflare/workerd-darwin-64": "1.20250718.0", "@cloudflare/workerd-darwin-arm64": "1.20250718.0", "@cloudflare/workerd-linux-64": "1.20250718.0", "@cloudflare/workerd-linux-arm64": "1.20250718.0", "@cloudflare/workerd-windows-64": "1.20250718.0" }, "bin": { "workerd": "bin/workerd" } }, "sha512-kqkIJP/eOfDlUyBzU7joBg+tl8aB25gEAGqDap+nFWb+WHhnooxjGHgxPBy3ipw2hnShPFNOQt5lFRxbwALirg=="],

    "wrangler": ["wrangler@3.114.16", "", { "dependencies": { "@cloudflare/kv-asset-handler": "0.3.4", "@cloudflare/unenv-preset": "2.0.2", "@esbuild-plugins/node-globals-polyfill": "0.2.3", "@esbuild-plugins/node-modules-polyfill": "0.2.2", "blake3-wasm": "2.1.5", "esbuild": "0.17.19", "miniflare": "3.20250718.3", "path-to-regexp": "6.3.0", "unenv": "2.0.0-rc.14", "workerd": "1.20250718.0" }, "optionalDependencies": { "fsevents": "~2.3.2", "sharp": "^0.33.5" }, "peerDependencies": { "@cloudflare/workers-types": "^4.20250408.0" }, "optionalPeers": ["@cloudflare/workers-types"], "bin": { "wrangler": "bin/wrangler.js", "wrangler2": "bin/wrangler.js" } }, "sha512-ve/ULRjrquu5BHNJ+1T0ipJJlJ6pD7qLmhwRkk0BsUIxatNe4HP4odX/R4Mq/RHG6LOnVAFs7SMeSHlz/1mNlQ=="],

    "wrap-ansi": ["wrap-ansi@7.0.0", "", { "dependencies": { "ansi-styles": "^4.0.0", "string-width": "^4.1.0", "strip-ansi": "^6.0.0" } }, "sha512-YVGIj2kamLSTxw6NsZjoBxfSwsn0ycdesmc4p+Q21c5zPuZ1pl+NfxVdxPtdHvmNVOQ6XSYG4AUtyt/Fi7D16Q=="],

    "ws": ["ws@8.18.0", "", { "peerDependencies": { "bufferutil": "^4.0.1", "utf-8-validate": ">=5.0.2" }, "optionalPeers": ["bufferutil", "utf-8-validate"] }, "sha512-8VbfWfHLbbwu3+N6OKsOMpBdT4kXPDDB9cJk2bJ6mh9ucxdlnNvH1e+roYkKmN9Nxw2yjz7VzeO9oOz2zJ04Pw=="],

    "y18n": ["y18n@5.0.8", "", {}, "sha512-0pfFzegeDWJHJIAmTLRP2DwHjdF5s7jo9tuztdQxAhINCdvS+3nGINqPd00AphqJR/0LhANUS6/+7SCb98YOfA=="],

    "yargs": ["yargs@17.7.2", "", { "dependencies": { "cliui": "^8.0.1", "escalade": "^3.1.1", "get-caller-file": "^2.0.5", "require-directory": "^2.1.1", "string-width": "^4.2.3", "y18n": "^5.0.5", "yargs-parser": "^21.1.1" } }, "sha512-7dSzzRQ++CKnNI/krKnYRV7JKKPUXMEh61soaHKg9mrWEhzFWhFnxPxGl+69cD1Ou63C13NUPCnmIcrvqCuM6w=="],

    "yargs-parser": ["yargs-parser@21.1.1", "", {}, "sha512-tVpsJW7DdjecAiFpbIB1e3qxIQsE6NoPc5/eTdrbbIC4h0LVsWhnoa3g+m2HclBIujHzsxZ4VJVA+GUuc2/LBw=="],

    "youch": ["youch@3.3.4", "", { "dependencies": { "cookie": "^0.7.1", "mustache": "^4.2.0", "stacktracey": "^2.1.8" } }, "sha512-UeVBXie8cA35DS6+nBkls68xaBBXCye0CNznrhszZjTbRVnJKQuNsyLKBTTL4ln1o1rh2PKtv35twV7irj5SEg=="],

    "zod": ["zod@3.22.3", "", {}, "sha512-EjIevzuJRiRPbVH4mGc8nApb/lVLKVpmUhAaR5R5doKGfAnGJ6Gr3CViAVjP+4FWSxCsybeWQdcgCtbX+7oZug=="],
  }
}
