{
  "lockfileVersion": 1,
  "configVersion": 1,
  "workspaces": {
    "": {
      "name": "better-skill-capped-fetcher",
      "dependencies": {
        "@sentry/node": "^9.3.0",
        "firebase": "^12.5.0",
      },
      "devDependencies": {
        "@tsconfig/node-lts": "^24.0.0",
        "@tsconfig/recommended": "^1.0.11",
        "@tsconfig/strictest": "^2.0.7",
        "@types/bun": "^1.2.15",
        "typescript": "^5.9.3",
      },
    },
  },
  "packages": {
    "@firebase/ai": ["@firebase/ai@2.6.1", "", { "dependencies": { "@firebase/app-check-interop-types": "0.3.3", "@firebase/component": "0.7.0", "@firebase/logger": "0.5.0", "@firebase/util": "1.13.0", "tslib": "^2.1.0" }, "peerDependencies": { "@firebase/app": "0.x", "@firebase/app-types": "0.x" } }, "sha512-qJd9bpABqsanFnwdbjZEDbKKr1jRtuUZ+cHyNBLWsxobH4pd73QncvuO3XlMq4eKBLlg1f5jNdFpJ3G3ABu2Tg=="],

    "@firebase/analytics": ["@firebase/analytics@0.10.19", "", { "dependencies": { "@firebase/component": "0.7.0", "@firebase/installations": "0.6.19", "@firebase/logger": "0.5.0", "@firebase/util": "1.13.0", "tslib": "^2.1.0" }, "peerDependencies": { "@firebase/app": "0.x" } }, "sha512-3wU676fh60gaiVYQEEXsbGS4HbF2XsiBphyvvqDbtC1U4/dO4coshbYktcCHq+HFaGIK07iHOh4pME0hEq1fcg=="],

    "@firebase/analytics-compat": ["@firebase/analytics-compat@0.2.25", "", { "dependencies": { "@firebase/analytics": "0.10.19", "@firebase/analytics-types": "0.8.3", "@firebase/component": "0.7.0", "@firebase/util": "1.13.0", "tslib": "^2.1.0" }, "peerDependencies": { "@firebase/app-compat": "0.x" } }, "sha512-fdzoaG0BEKbqksRDhmf4JoyZf16Wosrl0Y7tbZtJyVDOOwziE0vrFjmZuTdviL0yhak+Nco6rMsUUbkbD+qb6Q=="],

    "@firebase/analytics-types": ["@firebase/analytics-types@0.8.3", "", {}, "sha512-VrIp/d8iq2g501qO46uGz3hjbDb8xzYMrbu8Tp0ovzIzrvJZ2fvmj649gTjge/b7cCCcjT0H37g1gVtlNhnkbg=="],

    "@firebase/app": ["@firebase/app@0.14.6", "", { "dependencies": { "@firebase/component": "0.7.0", "@firebase/logger": "0.5.0", "@firebase/util": "1.13.0", "idb": "7.1.1", "tslib": "^2.1.0" } }, "sha512-4uyt8BOrBsSq6i4yiOV/gG6BnnrvTeyymlNcaN/dKvyU1GoolxAafvIvaNP1RCGPlNab3OuE4MKUQuv2lH+PLQ=="],

    "@firebase/app-check": ["@firebase/app-check@0.11.0", "", { "dependencies": { "@firebase/component": "0.7.0", "@firebase/logger": "0.5.0", "@firebase/util": "1.13.0", "tslib": "^2.1.0" }, "peerDependencies": { "@firebase/app": "0.x" } }, "sha512-XAvALQayUMBJo58U/rxW02IhsesaxxfWVmVkauZvGEz3vOAjMEQnzFlyblqkc2iAaO82uJ2ZVyZv9XzPfxjJ6w=="],

    "@firebase/app-check-compat": ["@firebase/app-check-compat@0.4.0", "", { "dependencies": { "@firebase/app-check": "0.11.0", "@firebase/app-check-types": "0.5.3", "@firebase/component": "0.7.0", "@firebase/logger": "0.5.0", "@firebase/util": "1.13.0", "tslib": "^2.1.0" }, "peerDependencies": { "@firebase/app-compat": "0.x" } }, "sha512-UfK2Q8RJNjYM/8MFORltZRG9lJj11k0nW84rrffiKvcJxLf1jf6IEjCIkCamykHE73C6BwqhVfhIBs69GXQV0g=="],

    "@firebase/app-check-interop-types": ["@firebase/app-check-interop-types@0.3.3", "", {}, "sha512-gAlxfPLT2j8bTI/qfe3ahl2I2YcBQ8cFIBdhAQA4I2f3TndcO+22YizyGYuttLHPQEpWkhmpFW60VCFEPg4g5A=="],

    "@firebase/app-check-types": ["@firebase/app-check-types@0.5.3", "", {}, "sha512-hyl5rKSj0QmwPdsAxrI5x1otDlByQ7bvNvVt8G/XPO2CSwE++rmSVf3VEhaeOR4J8ZFaF0Z0NDSmLejPweZ3ng=="],

    "@firebase/app-compat": ["@firebase/app-compat@0.5.6", "", { "dependencies": { "@firebase/app": "0.14.6", "@firebase/component": "0.7.0", "@firebase/logger": "0.5.0", "@firebase/util": "1.13.0", "tslib": "^2.1.0" } }, "sha512-YYGARbutghQY4zZUWMYia0ib0Y/rb52y72/N0z3vglRHL7ii/AaK9SA7S/dzScVOlCdnbHXz+sc5Dq+r8fwFAg=="],

    "@firebase/app-types": ["@firebase/app-types@0.9.3", "", {}, "sha512-kRVpIl4vVGJ4baogMDINbyrIOtOxqhkZQg4jTq3l8Lw6WSk0xfpEYzezFu+Kl4ve4fbPl79dvwRtaFqAC/ucCw=="],

    "@firebase/auth": ["@firebase/auth@1.12.0", "", { "dependencies": { "@firebase/component": "0.7.0", "@firebase/logger": "0.5.0", "@firebase/util": "1.13.0", "tslib": "^2.1.0" }, "peerDependencies": { "@firebase/app": "0.x", "@react-native-async-storage/async-storage": "^2.2.0" }, "optionalPeers": ["@react-native-async-storage/async-storage"] }, "sha512-zkvLpsrxynWHk07qGrUDfCSqKf4AvfZGEqJ7mVCtYGjNNDbGE71k0Yn84rg8QEZu4hQw1BC0qDEHzpNVBcSVmA=="],

    "@firebase/auth-compat": ["@firebase/auth-compat@0.6.2", "", { "dependencies": { "@firebase/auth": "1.12.0", "@firebase/auth-types": "0.13.0", "@firebase/component": "0.7.0", "@firebase/util": "1.13.0", "tslib": "^2.1.0" }, "peerDependencies": { "@firebase/app-compat": "0.x" } }, "sha512-8UhCzF6pav9bw/eXA8Zy1QAKssPRYEYXaWagie1ewLTwHkXv6bKp/j6/IwzSYQP67sy/BMFXIFaCCsoXzFLr7A=="],

    "@firebase/auth-interop-types": ["@firebase/auth-interop-types@0.2.4", "", {}, "sha512-JPgcXKCuO+CWqGDnigBtvo09HeBs5u/Ktc2GaFj2m01hLarbxthLNm7Fk8iOP1aqAtXV+fnnGj7U28xmk7IwVA=="],

    "@firebase/auth-types": ["@firebase/auth-types@0.13.0", "", { "peerDependencies": { "@firebase/app-types": "0.x", "@firebase/util": "1.x" } }, "sha512-S/PuIjni0AQRLF+l9ck0YpsMOdE8GO2KU6ubmBB7P+7TJUCQDa3R1dlgYm9UzGbbePMZsp0xzB93f2b/CgxMOg=="],

    "@firebase/component": ["@firebase/component@0.7.0", "", { "dependencies": { "@firebase/util": "1.13.0", "tslib": "^2.1.0" } }, "sha512-wR9En2A+WESUHexjmRHkqtaVH94WLNKt6rmeqZhSLBybg4Wyf0Umk04SZsS6sBq4102ZsDBFwoqMqJYj2IoDSg=="],

    "@firebase/data-connect": ["@firebase/data-connect@0.3.12", "", { "dependencies": { "@firebase/auth-interop-types": "0.2.4", "@firebase/component": "0.7.0", "@firebase/logger": "0.5.0", "@firebase/util": "1.13.0", "tslib": "^2.1.0" }, "peerDependencies": { "@firebase/app": "0.x" } }, "sha512-baPddcoNLj/+vYo+HSJidJUdr5W4OkhT109c5qhR8T1dJoZcyJpkv/dFpYlw/VJ3dV66vI8GHQFrmAZw/xUS4g=="],

    "@firebase/database": ["@firebase/database@1.1.0", "", { "dependencies": { "@firebase/app-check-interop-types": "0.3.3", "@firebase/auth-interop-types": "0.2.4", "@firebase/component": "0.7.0", "@firebase/logger": "0.5.0", "@firebase/util": "1.13.0", "faye-websocket": "0.11.4", "tslib": "^2.1.0" } }, "sha512-gM6MJFae3pTyNLoc9VcJNuaUDej0ctdjn3cVtILo3D5lpp0dmUHHLFN/pUKe7ImyeB1KAvRlEYxvIHNF04Filg=="],

    "@firebase/database-compat": ["@firebase/database-compat@2.1.0", "", { "dependencies": { "@firebase/component": "0.7.0", "@firebase/database": "1.1.0", "@firebase/database-types": "1.0.16", "@firebase/logger": "0.5.0", "@firebase/util": "1.13.0", "tslib": "^2.1.0" } }, "sha512-8nYc43RqxScsePVd1qe1xxvWNf0OBnbwHxmXJ7MHSuuTVYFO3eLyLW3PiCKJ9fHnmIz4p4LbieXwz+qtr9PZDg=="],

    "@firebase/database-types": ["@firebase/database-types@1.0.16", "", { "dependencies": { "@firebase/app-types": "0.9.3", "@firebase/util": "1.13.0" } }, "sha512-xkQLQfU5De7+SPhEGAXFBnDryUWhhlFXelEg2YeZOQMCdoe7dL64DDAd77SQsR+6uoXIZY5MB4y/inCs4GTfcw=="],

    "@firebase/firestore": ["@firebase/firestore@4.9.3", "", { "dependencies": { "@firebase/component": "0.7.0", "@firebase/logger": "0.5.0", "@firebase/util": "1.13.0", "@firebase/webchannel-wrapper": "1.0.5", "@grpc/grpc-js": "~1.9.0", "@grpc/proto-loader": "^0.7.8", "tslib": "^2.1.0" }, "peerDependencies": { "@firebase/app": "0.x" } }, "sha512-RVuvhcQzs1sD5Osr2naQS71H0bQMbSnib16uOWAKk3GaKb/WBPyCYSr2Ry7MqlxDP/YhwknUxECL07lw9Rq1nA=="],

    "@firebase/firestore-compat": ["@firebase/firestore-compat@0.4.3", "", { "dependencies": { "@firebase/component": "0.7.0", "@firebase/firestore": "4.9.3", "@firebase/firestore-types": "3.0.3", "@firebase/util": "1.13.0", "tslib": "^2.1.0" }, "peerDependencies": { "@firebase/app-compat": "0.x" } }, "sha512-1ylF/njF68Pmb6p0erP0U78XQv1w77Wap4bUmqZ7ZVkmN1oMgplyu0TyirWtCBoKFRV2+SUZfWXvIij/z39LYg=="],

    "@firebase/firestore-types": ["@firebase/firestore-types@3.0.3", "", { "peerDependencies": { "@firebase/app-types": "0.x", "@firebase/util": "1.x" } }, "sha512-hD2jGdiWRxB/eZWF89xcK9gF8wvENDJkzpVFb4aGkzfEaKxVRD1kjz1t1Wj8VZEp2LCB53Yx1zD8mrhQu87R6Q=="],

    "@firebase/functions": ["@firebase/functions@0.13.1", "", { "dependencies": { "@firebase/app-check-interop-types": "0.3.3", "@firebase/auth-interop-types": "0.2.4", "@firebase/component": "0.7.0", "@firebase/messaging-interop-types": "0.2.3", "@firebase/util": "1.13.0", "tslib": "^2.1.0" }, "peerDependencies": { "@firebase/app": "0.x" } }, "sha512-sUeWSb0rw5T+6wuV2o9XNmh9yHxjFI9zVGFnjFi+n7drTEWpl7ZTz1nROgGrSu472r+LAaj+2YaSicD4R8wfbw=="],

    "@firebase/functions-compat": ["@firebase/functions-compat@0.4.1", "", { "dependencies": { "@firebase/component": "0.7.0", "@firebase/functions": "0.13.1", "@firebase/functions-types": "0.6.3", "@firebase/util": "1.13.0", "tslib": "^2.1.0" }, "peerDependencies": { "@firebase/app-compat": "0.x" } }, "sha512-AxxUBXKuPrWaVNQ8o1cG1GaCAtXT8a0eaTDfqgS5VsRYLAR0ALcfqDLwo/QyijZj1w8Qf8n3Qrfy/+Im245hOQ=="],

    "@firebase/functions-types": ["@firebase/functions-types@0.6.3", "", {}, "sha512-EZoDKQLUHFKNx6VLipQwrSMh01A1SaL3Wg6Hpi//x6/fJ6Ee4hrAeswK99I5Ht8roiniKHw4iO0B1Oxj5I4plg=="],

    "@firebase/installations": ["@firebase/installations@0.6.19", "", { "dependencies": { "@firebase/component": "0.7.0", "@firebase/util": "1.13.0", "idb": "7.1.1", "tslib": "^2.1.0" }, "peerDependencies": { "@firebase/app": "0.x" } }, "sha512-nGDmiwKLI1lerhwfwSHvMR9RZuIH5/8E3kgUWnVRqqL7kGVSktjLTWEMva7oh5yxQ3zXfIlIwJwMcaM5bK5j8Q=="],

    "@firebase/installations-compat": ["@firebase/installations-compat@0.2.19", "", { "dependencies": { "@firebase/component": "0.7.0", "@firebase/installations": "0.6.19", "@firebase/installations-types": "0.5.3", "@firebase/util": "1.13.0", "tslib": "^2.1.0" }, "peerDependencies": { "@firebase/app-compat": "0.x" } }, "sha512-khfzIY3EI5LePePo7vT19/VEIH1E3iYsHknI/6ek9T8QCozAZshWT9CjlwOzZrKvTHMeNcbpo/VSOSIWDSjWdQ=="],

    "@firebase/installations-types": ["@firebase/installations-types@0.5.3", "", { "peerDependencies": { "@firebase/app-types": "0.x" } }, "sha512-2FJI7gkLqIE0iYsNQ1P751lO3hER+Umykel+TkLwHj6plzWVxqvfclPUZhcKFVQObqloEBTmpi2Ozn7EkCABAA=="],

    "@firebase/logger": ["@firebase/logger@0.5.0", "", { "dependencies": { "tslib": "^2.1.0" } }, "sha512-cGskaAvkrnh42b3BA3doDWeBmuHFO/Mx5A83rbRDYakPjO9bJtRL3dX7javzc2Rr/JHZf4HlterTW2lUkfeN4g=="],

    "@firebase/messaging": ["@firebase/messaging@0.12.23", "", { "dependencies": { "@firebase/component": "0.7.0", "@firebase/installations": "0.6.19", "@firebase/messaging-interop-types": "0.2.3", "@firebase/util": "1.13.0", "idb": "7.1.1", "tslib": "^2.1.0" }, "peerDependencies": { "@firebase/app": "0.x" } }, "sha512-cfuzv47XxqW4HH/OcR5rM+AlQd1xL/VhuaeW/wzMW1LFrsFcTn0GND/hak1vkQc2th8UisBcrkVcQAnOnKwYxg=="],

    "@firebase/messaging-compat": ["@firebase/messaging-compat@0.2.23", "", { "dependencies": { "@firebase/component": "0.7.0", "@firebase/messaging": "0.12.23", "@firebase/util": "1.13.0", "tslib": "^2.1.0" }, "peerDependencies": { "@firebase/app-compat": "0.x" } }, "sha512-SN857v/kBUvlQ9X/UjAqBoQ2FEaL1ZozpnmL1ByTe57iXkmnVVFm9KqAsTfmf+OEwWI4kJJe9NObtN/w22lUgg=="],

    "@firebase/messaging-interop-types": ["@firebase/messaging-interop-types@0.2.3", "", {}, "sha512-xfzFaJpzcmtDjycpDeCUj0Ge10ATFi/VHVIvEEjDNc3hodVBQADZ7BWQU7CuFpjSHE+eLuBI13z5F/9xOoGX8Q=="],

    "@firebase/performance": ["@firebase/performance@0.7.9", "", { "dependencies": { "@firebase/component": "0.7.0", "@firebase/installations": "0.6.19", "@firebase/logger": "0.5.0", "@firebase/util": "1.13.0", "tslib": "^2.1.0", "web-vitals": "^4.2.4" }, "peerDependencies": { "@firebase/app": "0.x" } }, "sha512-UzybENl1EdM2I1sjYm74xGt/0JzRnU/0VmfMAKo2LSpHJzaj77FCLZXmYQ4oOuE+Pxtt8Wy2BVJEENiZkaZAzQ=="],

    "@firebase/performance-compat": ["@firebase/performance-compat@0.2.22", "", { "dependencies": { "@firebase/component": "0.7.0", "@firebase/logger": "0.5.0", "@firebase/performance": "0.7.9", "@firebase/performance-types": "0.2.3", "@firebase/util": "1.13.0", "tslib": "^2.1.0" }, "peerDependencies": { "@firebase/app-compat": "0.x" } }, "sha512-xLKxaSAl/FVi10wDX/CHIYEUP13jXUjinL+UaNXT9ByIvxII5Ne5150mx6IgM8G6Q3V+sPiw9C8/kygkyHUVxg=="],

    "@firebase/performance-types": ["@firebase/performance-types@0.2.3", "", {}, "sha512-IgkyTz6QZVPAq8GSkLYJvwSLr3LS9+V6vNPQr0x4YozZJiLF5jYixj0amDtATf1X0EtYHqoPO48a9ija8GocxQ=="],

    "@firebase/remote-config": ["@firebase/remote-config@0.7.0", "", { "dependencies": { "@firebase/component": "0.7.0", "@firebase/installations": "0.6.19", "@firebase/logger": "0.5.0", "@firebase/util": "1.13.0", "tslib": "^2.1.0" }, "peerDependencies": { "@firebase/app": "0.x" } }, "sha512-dX95X6WlW7QlgNd7aaGdjAIZUiQkgWgNS+aKNu4Wv92H1T8Ue/NDUjZHd9xb8fHxLXIHNZeco9/qbZzr500MjQ=="],

    "@firebase/remote-config-compat": ["@firebase/remote-config-compat@0.2.20", "", { "dependencies": { "@firebase/component": "0.7.0", "@firebase/logger": "0.5.0", "@firebase/remote-config": "0.7.0", "@firebase/remote-config-types": "0.5.0", "@firebase/util": "1.13.0", "tslib": "^2.1.0" }, "peerDependencies": { "@firebase/app-compat": "0.x" } }, "sha512-P/ULS9vU35EL9maG7xp66uljkZgcPMQOxLj3Zx2F289baTKSInE6+YIkgHEi1TwHoddC/AFePXPpshPlEFkbgg=="],

    "@firebase/remote-config-types": ["@firebase/remote-config-types@0.5.0", "", {}, "sha512-vI3bqLoF14L/GchtgayMiFpZJF+Ao3uR8WCde0XpYNkSokDpAKca2DxvcfeZv7lZUqkUwQPL2wD83d3vQ4vvrg=="],

    "@firebase/storage": ["@firebase/storage@0.14.0", "", { "dependencies": { "@firebase/component": "0.7.0", "@firebase/util": "1.13.0", "tslib": "^2.1.0" }, "peerDependencies": { "@firebase/app": "0.x" } }, "sha512-xWWbb15o6/pWEw8H01UQ1dC5U3rf8QTAzOChYyCpafV6Xki7KVp3Yaw2nSklUwHEziSWE9KoZJS7iYeyqWnYFA=="],

    "@firebase/storage-compat": ["@firebase/storage-compat@0.4.0", "", { "dependencies": { "@firebase/component": "0.7.0", "@firebase/storage": "0.14.0", "@firebase/storage-types": "0.8.3", "@firebase/util": "1.13.0", "tslib": "^2.1.0" }, "peerDependencies": { "@firebase/app-compat": "0.x" } }, "sha512-vDzhgGczr1OfcOy285YAPur5pWDEvD67w4thyeCUh6Ys0izN9fNYtA1MJERmNBfqjqu0lg0FM5GLbw0Il21M+g=="],

    "@firebase/storage-types": ["@firebase/storage-types@0.8.3", "", { "peerDependencies": { "@firebase/app-types": "0.x", "@firebase/util": "1.x" } }, "sha512-+Muk7g9uwngTpd8xn9OdF/D48uiQ7I1Fae7ULsWPuKoCH3HU7bfFPhxtJYzyhjdniowhuDpQcfPmuNRAqZEfvg=="],

    "@firebase/util": ["@firebase/util@1.13.0", "", { "dependencies": { "tslib": "^2.1.0" } }, "sha512-0AZUyYUfpMNcztR5l09izHwXkZpghLgCUaAGjtMwXnCg3bj4ml5VgiwqOMOxJ+Nw4qN/zJAaOQBcJ7KGkWStqQ=="],

    "@firebase/webchannel-wrapper": ["@firebase/webchannel-wrapper@1.0.5", "", {}, "sha512-+uGNN7rkfn41HLO0vekTFhTxk61eKa8mTpRGLO0QSqlQdKvIoGAvLp3ppdVIWbTGYJWM6Kp0iN+PjMIOcnVqTw=="],

    "@grpc/grpc-js": ["@grpc/grpc-js@1.9.15", "", { "dependencies": { "@grpc/proto-loader": "^0.7.8", "@types/node": ">=12.12.47" } }, "sha512-nqE7Hc0AzI+euzUwDAy0aY5hCp10r734gMGRdU+qOPX0XSceI2ULrcXB5U2xSc5VkWwalCj4M7GzCAygZl2KoQ=="],

    "@grpc/proto-loader": ["@grpc/proto-loader@0.7.15", "", { "dependencies": { "lodash.camelcase": "^4.3.0", "long": "^5.0.0", "protobufjs": "^7.2.5", "yargs": "^17.7.2" }, "bin": { "proto-loader-gen-types": "build/bin/proto-loader-gen-types.js" } }, "sha512-tMXdRCfYVixjuFK+Hk0Q1s38gV9zDiDJfWL3h1rv4Qc39oILCu1TRTDt7+fGUI8K4G1Fj125Hx/ru3azECWTyQ=="],

    "@opentelemetry/api": ["@opentelemetry/api@1.9.0", "", {}, "sha512-3giAOQvZiH5F9bMlMiv8+GSPMeqg0dbaeo58/0SlA9sxSqZhnUtxzX9/2FzyhS9sWQf5S0GJE0AKBrFqjpeYcg=="],

    "@opentelemetry/api-logs": ["@opentelemetry/api-logs@0.57.2", "", { "dependencies": { "@opentelemetry/api": "^1.3.0" } }, "sha512-uIX52NnTM0iBh84MShlpouI7UKqkZ7MrUszTmaypHBu4r7NofznSnQRfJ+uUeDtQDj6w8eFGg5KBLDAwAPz1+A=="],

    "@opentelemetry/context-async-hooks": ["@opentelemetry/context-async-hooks@1.30.1", "", { "peerDependencies": { "@opentelemetry/api": ">=1.0.0 <1.10.0" } }, "sha512-s5vvxXPVdjqS3kTLKMeBMvop9hbWkwzBpu+mUO2M7sZtlkyDJGwFe33wRKnbaYDo8ExRVBIIdwIGrqpxHuKttA=="],

    "@opentelemetry/core": ["@opentelemetry/core@1.30.1", "", { "dependencies": { "@opentelemetry/semantic-conventions": "1.28.0" }, "peerDependencies": { "@opentelemetry/api": ">=1.0.0 <1.10.0" } }, "sha512-OOCM2C/QIURhJMuKaekP3TRBxBKxG/TWWA0TL2J6nXUtDnuCtccy49LUJF8xPFXMX+0LMcxFpCo8M9cGY1W6rQ=="],

    "@opentelemetry/instrumentation": ["@opentelemetry/instrumentation@0.57.2", "", { "dependencies": { "@opentelemetry/api-logs": "0.57.2", "@types/shimmer": "^1.2.0", "import-in-the-middle": "^1.8.1", "require-in-the-middle": "^7.1.1", "semver": "^7.5.2", "shimmer": "^1.2.1" }, "peerDependencies": { "@opentelemetry/api": "^1.3.0" } }, "sha512-BdBGhQBh8IjZ2oIIX6F2/Q3LKm/FDDKi6ccYKcBTeilh6SNdNKveDOLk73BkSJjQLJk6qe4Yh+hHw1UPhCDdrg=="],

    "@opentelemetry/instrumentation-amqplib": ["@opentelemetry/instrumentation-amqplib@0.46.1", "", { "dependencies": { "@opentelemetry/core": "^1.8.0", "@opentelemetry/instrumentation": "^0.57.1", "@opentelemetry/semantic-conventions": "^1.27.0" }, "peerDependencies": { "@opentelemetry/api": "^1.3.0" } }, "sha512-AyXVnlCf/xV3K/rNumzKxZqsULyITJH6OVLiW6730JPRqWA7Zc9bvYoVNpN6iOpTU8CasH34SU/ksVJmObFibQ=="],

    "@opentelemetry/instrumentation-connect": ["@opentelemetry/instrumentation-connect@0.43.1", "", { "dependencies": { "@opentelemetry/core": "^1.8.0", "@opentelemetry/instrumentation": "^0.57.1", "@opentelemetry/semantic-conventions": "^1.27.0", "@types/connect": "3.4.38" }, "peerDependencies": { "@opentelemetry/api": "^1.3.0" } }, "sha512-ht7YGWQuV5BopMcw5Q2hXn3I8eG8TH0J/kc/GMcW4CuNTgiP6wCu44BOnucJWL3CmFWaRHI//vWyAhaC8BwePw=="],

    "@opentelemetry/instrumentation-dataloader": ["@opentelemetry/instrumentation-dataloader@0.16.1", "", { "dependencies": { "@opentelemetry/instrumentation": "^0.57.1" }, "peerDependencies": { "@opentelemetry/api": "^1.3.0" } }, "sha512-K/qU4CjnzOpNkkKO4DfCLSQshejRNAJtd4esgigo/50nxCB6XCyi1dhAblUHM9jG5dRm8eu0FB+t87nIo99LYQ=="],

    "@opentelemetry/instrumentation-express": ["@opentelemetry/instrumentation-express@0.47.1", "", { "dependencies": { "@opentelemetry/core": "^1.8.0", "@opentelemetry/instrumentation": "^0.57.1", "@opentelemetry/semantic-conventions": "^1.27.0" }, "peerDependencies": { "@opentelemetry/api": "^1.3.0" } }, "sha512-QNXPTWteDclR2B4pDFpz0TNghgB33UMjUt14B+BZPmtH1MwUFAfLHBaP5If0Z5NZC+jaH8oF2glgYjrmhZWmSw=="],

    "@opentelemetry/instrumentation-fs": ["@opentelemetry/instrumentation-fs@0.19.1", "", { "dependencies": { "@opentelemetry/core": "^1.8.0", "@opentelemetry/instrumentation": "^0.57.1" }, "peerDependencies": { "@opentelemetry/api": "^1.3.0" } }, "sha512-6g0FhB3B9UobAR60BGTcXg4IHZ6aaYJzp0Ki5FhnxyAPt8Ns+9SSvgcrnsN2eGmk3RWG5vYycUGOEApycQL24A=="],

    "@opentelemetry/instrumentation-generic-pool": ["@opentelemetry/instrumentation-generic-pool@0.43.1", "", { "dependencies": { "@opentelemetry/instrumentation": "^0.57.1" }, "peerDependencies": { "@opentelemetry/api": "^1.3.0" } }, "sha512-M6qGYsp1cURtvVLGDrPPZemMFEbuMmCXgQYTReC/IbimV5sGrLBjB+/hANUpRZjX67nGLdKSVLZuQQAiNz+sww=="],

    "@opentelemetry/instrumentation-graphql": ["@opentelemetry/instrumentation-graphql@0.47.1", "", { "dependencies": { "@opentelemetry/instrumentation": "^0.57.1" }, "peerDependencies": { "@opentelemetry/api": "^1.3.0" } }, "sha512-EGQRWMGqwiuVma8ZLAZnExQ7sBvbOx0N/AE/nlafISPs8S+QtXX+Viy6dcQwVWwYHQPAcuY3bFt3xgoAwb4ZNQ=="],

    "@opentelemetry/instrumentation-hapi": ["@opentelemetry/instrumentation-hapi@0.45.2", "", { "dependencies": { "@opentelemetry/core": "^1.8.0", "@opentelemetry/instrumentation": "^0.57.1", "@opentelemetry/semantic-conventions": "^1.27.0" }, "peerDependencies": { "@opentelemetry/api": "^1.3.0" } }, "sha512-7Ehow/7Wp3aoyCrZwQpU7a2CnoMq0XhIcioFuKjBb0PLYfBfmTsFTUyatlHu0fRxhwcRsSQRTvEhmZu8CppBpQ=="],

    "@opentelemetry/instrumentation-http": ["@opentelemetry/instrumentation-http@0.57.2", "", { "dependencies": { "@opentelemetry/core": "1.30.1", "@opentelemetry/instrumentation": "0.57.2", "@opentelemetry/semantic-conventions": "1.28.0", "forwarded-parse": "2.1.2", "semver": "^7.5.2" }, "peerDependencies": { "@opentelemetry/api": "^1.3.0" } }, "sha512-1Uz5iJ9ZAlFOiPuwYg29Bf7bJJc/GeoeJIFKJYQf67nTVKFe8RHbEtxgkOmK4UGZNHKXcpW4P8cWBYzBn1USpg=="],

    "@opentelemetry/instrumentation-ioredis": ["@opentelemetry/instrumentation-ioredis@0.47.1", "", { "dependencies": { "@opentelemetry/instrumentation": "^0.57.1", "@opentelemetry/redis-common": "^0.36.2", "@opentelemetry/semantic-conventions": "^1.27.0" }, "peerDependencies": { "@opentelemetry/api": "^1.3.0" } }, "sha512-OtFGSN+kgk/aoKgdkKQnBsQFDiG8WdCxu+UrHr0bXScdAmtSzLSraLo7wFIb25RVHfRWvzI5kZomqJYEg/l1iA=="],

    "@opentelemetry/instrumentation-kafkajs": ["@opentelemetry/instrumentation-kafkajs@0.7.1", "", { "dependencies": { "@opentelemetry/instrumentation": "^0.57.1", "@opentelemetry/semantic-conventions": "^1.27.0" }, "peerDependencies": { "@opentelemetry/api": "^1.3.0" } }, "sha512-OtjaKs8H7oysfErajdYr1yuWSjMAectT7Dwr+axIoZqT9lmEOkD/H/3rgAs8h/NIuEi2imSXD+vL4MZtOuJfqQ=="],

    "@opentelemetry/instrumentation-knex": ["@opentelemetry/instrumentation-knex@0.44.1", "", { "dependencies": { "@opentelemetry/instrumentation": "^0.57.1", "@opentelemetry/semantic-conventions": "^1.27.0" }, "peerDependencies": { "@opentelemetry/api": "^1.3.0" } }, "sha512-U4dQxkNhvPexffjEmGwCq68FuftFK15JgUF05y/HlK3M6W/G2iEaACIfXdSnwVNe9Qh0sPfw8LbOPxrWzGWGMQ=="],

    "@opentelemetry/instrumentation-koa": ["@opentelemetry/instrumentation-koa@0.47.1", "", { "dependencies": { "@opentelemetry/core": "^1.8.0", "@opentelemetry/instrumentation": "^0.57.1", "@opentelemetry/semantic-conventions": "^1.27.0" }, "peerDependencies": { "@opentelemetry/api": "^1.3.0" } }, "sha512-l/c+Z9F86cOiPJUllUCt09v+kICKvT+Vg1vOAJHtHPsJIzurGayucfCMq2acd/A/yxeNWunl9d9eqZ0G+XiI6A=="],

    "@opentelemetry/instrumentation-lru-memoizer": ["@opentelemetry/instrumentation-lru-memoizer@0.44.1", "", { "dependencies": { "@opentelemetry/instrumentation": "^0.57.1" }, "peerDependencies": { "@opentelemetry/api": "^1.3.0" } }, "sha512-5MPkYCvG2yw7WONEjYj5lr5JFehTobW7wX+ZUFy81oF2lr9IPfZk9qO+FTaM0bGEiymwfLwKe6jE15nHn1nmHg=="],

    "@opentelemetry/instrumentation-mongodb": ["@opentelemetry/instrumentation-mongodb@0.52.0", "", { "dependencies": { "@opentelemetry/instrumentation": "^0.57.1", "@opentelemetry/semantic-conventions": "^1.27.0" }, "peerDependencies": { "@opentelemetry/api": "^1.3.0" } }, "sha512-1xmAqOtRUQGR7QfJFfGV/M2kC7wmI2WgZdpru8hJl3S0r4hW0n3OQpEHlSGXJAaNFyvT+ilnwkT+g5L4ljHR6g=="],

    "@opentelemetry/instrumentation-mongoose": ["@opentelemetry/instrumentation-mongoose@0.46.1", "", { "dependencies": { "@opentelemetry/core": "^1.8.0", "@opentelemetry/instrumentation": "^0.57.1", "@opentelemetry/semantic-conventions": "^1.27.0" }, "peerDependencies": { "@opentelemetry/api": "^1.3.0" } }, "sha512-3kINtW1LUTPkiXFRSSBmva1SXzS/72we/jL22N+BnF3DFcoewkdkHPYOIdAAk9gSicJ4d5Ojtt1/HeibEc5OQg=="],

    "@opentelemetry/instrumentation-mysql": ["@opentelemetry/instrumentation-mysql@0.45.1", "", { "dependencies": { "@opentelemetry/instrumentation": "^0.57.1", "@opentelemetry/semantic-conventions": "^1.27.0", "@types/mysql": "2.15.26" }, "peerDependencies": { "@opentelemetry/api": "^1.3.0" } }, "sha512-TKp4hQ8iKQsY7vnp/j0yJJ4ZsP109Ht6l4RHTj0lNEG1TfgTrIH5vJMbgmoYXWzNHAqBH2e7fncN12p3BP8LFg=="],

    "@opentelemetry/instrumentation-mysql2": ["@opentelemetry/instrumentation-mysql2@0.45.2", "", { "dependencies": { "@opentelemetry/instrumentation": "^0.57.1", "@opentelemetry/semantic-conventions": "^1.27.0", "@opentelemetry/sql-common": "^0.40.1" }, "peerDependencies": { "@opentelemetry/api": "^1.3.0" } }, "sha512-h6Ad60FjCYdJZ5DTz1Lk2VmQsShiViKe0G7sYikb0GHI0NVvApp2XQNRHNjEMz87roFttGPLHOYVPlfy+yVIhQ=="],

    "@opentelemetry/instrumentation-pg": ["@opentelemetry/instrumentation-pg@0.51.1", "", { "dependencies": { "@opentelemetry/core": "^1.26.0", "@opentelemetry/instrumentation": "^0.57.1", "@opentelemetry/semantic-conventions": "^1.27.0", "@opentelemetry/sql-common": "^0.40.1", "@types/pg": "8.6.1", "@types/pg-pool": "2.0.6" }, "peerDependencies": { "@opentelemetry/api": "^1.3.0" } }, "sha512-QxgjSrxyWZc7Vk+qGSfsejPVFL1AgAJdSBMYZdDUbwg730D09ub3PXScB9d04vIqPriZ+0dqzjmQx0yWKiCi2Q=="],

    "@opentelemetry/instrumentation-redis-4": ["@opentelemetry/instrumentation-redis-4@0.46.1", "", { "dependencies": { "@opentelemetry/instrumentation": "^0.57.1", "@opentelemetry/redis-common": "^0.36.2", "@opentelemetry/semantic-conventions": "^1.27.0" }, "peerDependencies": { "@opentelemetry/api": "^1.3.0" } }, "sha512-UMqleEoabYMsWoTkqyt9WAzXwZ4BlFZHO40wr3d5ZvtjKCHlD4YXLm+6OLCeIi/HkX7EXvQaz8gtAwkwwSEvcQ=="],

    "@opentelemetry/instrumentation-tedious": ["@opentelemetry/instrumentation-tedious@0.18.1", "", { "dependencies": { "@opentelemetry/instrumentation": "^0.57.1", "@opentelemetry/semantic-conventions": "^1.27.0", "@types/tedious": "^4.0.14" }, "peerDependencies": { "@opentelemetry/api": "^1.3.0" } }, "sha512-5Cuy/nj0HBaH+ZJ4leuD7RjgvA844aY2WW+B5uLcWtxGjRZl3MNLuxnNg5DYWZNPO+NafSSnra0q49KWAHsKBg=="],

    "@opentelemetry/instrumentation-undici": ["@opentelemetry/instrumentation-undici@0.10.1", "", { "dependencies": { "@opentelemetry/core": "^1.8.0", "@opentelemetry/instrumentation": "^0.57.1" }, "peerDependencies": { "@opentelemetry/api": "^1.7.0" } }, "sha512-rkOGikPEyRpMCmNu9AQuV5dtRlDmJp2dK5sw8roVshAGoB6hH/3QjDtRhdwd75SsJwgynWUNRUYe0wAkTo16tQ=="],

    "@opentelemetry/redis-common": ["@opentelemetry/redis-common@0.36.2", "", {}, "sha512-faYX1N0gpLhej/6nyp6bgRjzAKXn5GOEMYY7YhciSfCoITAktLUtQ36d24QEWNA1/WA1y6qQunCe0OhHRkVl9g=="],

    "@opentelemetry/resources": ["@opentelemetry/resources@1.30.1", "", { "dependencies": { "@opentelemetry/core": "1.30.1", "@opentelemetry/semantic-conventions": "1.28.0" }, "peerDependencies": { "@opentelemetry/api": ">=1.0.0 <1.10.0" } }, "sha512-5UxZqiAgLYGFjS4s9qm5mBVo433u+dSPUFWVWXmLAD4wB65oMCoXaJP1KJa9DIYYMeHu3z4BZcStG3LC593cWA=="],

    "@opentelemetry/sdk-trace-base": ["@opentelemetry/sdk-trace-base@1.30.1", "", { "dependencies": { "@opentelemetry/core": "1.30.1", "@opentelemetry/resources": "1.30.1", "@opentelemetry/semantic-conventions": "1.28.0" }, "peerDependencies": { "@opentelemetry/api": ">=1.0.0 <1.10.0" } }, "sha512-jVPgBbH1gCy2Lb7X0AVQ8XAfgg0pJ4nvl8/IiQA6nxOsPvS+0zMJaFSs2ltXe0J6C8dqjcnpyqINDJmU30+uOg=="],

    "@opentelemetry/semantic-conventions": ["@opentelemetry/semantic-conventions@1.39.0", "", {}, "sha512-R5R9tb2AXs2IRLNKLBJDynhkfmx7mX0vi8NkhZb3gUkPWHn6HXk5J8iQ/dql0U3ApfWym4kXXmBDRGO+oeOfjg=="],

    "@opentelemetry/sql-common": ["@opentelemetry/sql-common@0.40.1", "", { "dependencies": { "@opentelemetry/core": "^1.1.0" }, "peerDependencies": { "@opentelemetry/api": "^1.1.0" } }, "sha512-nSDlnHSqzC3pXn/wZEZVLuAuJ1MYMXPBwtv2qAbCa3847SaHItdE7SzUq/Jtb0KZmh1zfAbNi3AAMjztTT4Ugg=="],

    "@prisma/instrumentation": ["@prisma/instrumentation@6.11.1", "", { "dependencies": { "@opentelemetry/instrumentation": "^0.52.0 || ^0.53.0 || ^0.54.0 || ^0.55.0 || ^0.56.0 || ^0.57.0" }, "peerDependencies": { "@opentelemetry/api": "^1.8" } }, "sha512-mrZOev24EDhnefmnZX7WVVT7v+r9LttPRqf54ONvj6re4XMF7wFTpK2tLJi4XHB7fFp/6xhYbgRel8YV7gQiyA=="],

    "@protobufjs/aspromise": ["@protobufjs/aspromise@1.1.2", "", {}, "sha512-j+gKExEuLmKwvz3OgROXtrJ2UG2x8Ch2YZUxahh+s1F2HZ+wAceUNLkvy6zKCPVRkU++ZWQrdxsUeQXmcg4uoQ=="],

    "@protobufjs/base64": ["@protobufjs/base64@1.1.2", "", {}, "sha512-AZkcAA5vnN/v4PDqKyMR5lx7hZttPDgClv83E//FMNhR2TMcLUhfRUBHCmSl0oi9zMgDDqRUJkSxO3wm85+XLg=="],

    "@protobufjs/codegen": ["@protobufjs/codegen@2.0.4", "", {}, "sha512-YyFaikqM5sH0ziFZCN3xDC7zeGaB/d0IUb9CATugHWbd1FRFwWwt4ld4OYMPWu5a3Xe01mGAULCdqhMlPl29Jg=="],

    "@protobufjs/eventemitter": ["@protobufjs/eventemitter@1.1.0", "", {}, "sha512-j9ednRT81vYJ9OfVuXG6ERSTdEL1xVsNgqpkxMsbIabzSo3goCjDIveeGv5d03om39ML71RdmrGNjG5SReBP/Q=="],

    "@protobufjs/fetch": ["@protobufjs/fetch@1.1.0", "", { "dependencies": { "@protobufjs/aspromise": "^1.1.1", "@protobufjs/inquire": "^1.1.0" } }, "sha512-lljVXpqXebpsijW71PZaCYeIcE5on1w5DlQy5WH6GLbFryLUrBD4932W/E2BSpfRJWseIL4v/KPgBFxDOIdKpQ=="],

    "@protobufjs/float": ["@protobufjs/float@1.0.2", "", {}, "sha512-Ddb+kVXlXst9d+R9PfTIxh1EdNkgoRe5tOX6t01f1lYWOvJnSPDBlG241QLzcyPdoNTsblLUdujGSE4RzrTZGQ=="],

    "@protobufjs/inquire": ["@protobufjs/inquire@1.1.0", "", {}, "sha512-kdSefcPdruJiFMVSbn801t4vFK7KB/5gd2fYvrxhuJYg8ILrmn9SKSX2tZdV6V+ksulWqS7aXjBcRXl3wHoD9Q=="],

    "@protobufjs/path": ["@protobufjs/path@1.1.2", "", {}, "sha512-6JOcJ5Tm08dOHAbdR3GrvP+yUUfkjG5ePsHYczMFLq3ZmMkAD98cDgcT2iA1lJ9NVwFd4tH/iSSoe44YWkltEA=="],

    "@protobufjs/pool": ["@protobufjs/pool@1.1.0", "", {}, "sha512-0kELaGSIDBKvcgS4zkjz1PeddatrjYcmMWOlAuAPwAeccUrPHdUqo/J6LiymHHEiJT5NrF1UVwxY14f+fy4WQw=="],

    "@protobufjs/utf8": ["@protobufjs/utf8@1.1.0", "", {}, "sha512-Vvn3zZrhQZkkBE8LSuW3em98c0FwgO4nxzv6OdSxPKJIEKY2bGbHn+mhGIPerzI4twdxaP8/0+06HBpwf345Lw=="],

    "@sentry/core": ["@sentry/core@9.47.1", "", {}, "sha512-KX62+qIt4xgy8eHKHiikfhz2p5fOciXd0Cl+dNzhgPFq8klq4MGMNaf148GB3M/vBqP4nw/eFvRMAayFCgdRQw=="],

    "@sentry/node": ["@sentry/node@9.47.1", "", { "dependencies": { "@opentelemetry/api": "^1.9.0", "@opentelemetry/context-async-hooks": "^1.30.1", "@opentelemetry/core": "^1.30.1", "@opentelemetry/instrumentation": "^0.57.2", "@opentelemetry/instrumentation-amqplib": "^0.46.1", "@opentelemetry/instrumentation-connect": "0.43.1", "@opentelemetry/instrumentation-dataloader": "0.16.1", "@opentelemetry/instrumentation-express": "0.47.1", "@opentelemetry/instrumentation-fs": "0.19.1", "@opentelemetry/instrumentation-generic-pool": "0.43.1", "@opentelemetry/instrumentation-graphql": "0.47.1", "@opentelemetry/instrumentation-hapi": "0.45.2", "@opentelemetry/instrumentation-http": "0.57.2", "@opentelemetry/instrumentation-ioredis": "0.47.1", "@opentelemetry/instrumentation-kafkajs": "0.7.1", "@opentelemetry/instrumentation-knex": "0.44.1", "@opentelemetry/instrumentation-koa": "0.47.1", "@opentelemetry/instrumentation-lru-memoizer": "0.44.1", "@opentelemetry/instrumentation-mongodb": "0.52.0", "@opentelemetry/instrumentation-mongoose": "0.46.1", "@opentelemetry/instrumentation-mysql": "0.45.1", "@opentelemetry/instrumentation-mysql2": "0.45.2", "@opentelemetry/instrumentation-pg": "0.51.1", "@opentelemetry/instrumentation-redis-4": "0.46.1", "@opentelemetry/instrumentation-tedious": "0.18.1", "@opentelemetry/instrumentation-undici": "0.10.1", "@opentelemetry/resources": "^1.30.1", "@opentelemetry/sdk-trace-base": "^1.30.1", "@opentelemetry/semantic-conventions": "^1.34.0", "@prisma/instrumentation": "6.11.1", "@sentry/core": "9.47.1", "@sentry/node-core": "9.47.1", "@sentry/opentelemetry": "9.47.1", "import-in-the-middle": "^1.14.2", "minimatch": "^9.0.0" } }, "sha512-CDbkasBz3fnWRKSFs6mmaRepM2pa+tbZkrqhPWifFfIkJDidtVW40p6OnquTvPXyPAszCnDZRnZT14xyvNmKPQ=="],

    "@sentry/node-core": ["@sentry/node-core@9.47.1", "", { "dependencies": { "@sentry/core": "9.47.1", "@sentry/opentelemetry": "9.47.1", "import-in-the-middle": "^1.14.2" }, "peerDependencies": { "@opentelemetry/api": "^1.9.0", "@opentelemetry/context-async-hooks": "^1.30.1 || ^2.0.0", "@opentelemetry/core": "^1.30.1 || ^2.0.0", "@opentelemetry/instrumentation": ">=0.57.1 <1", "@opentelemetry/resources": "^1.30.1 || ^2.0.0", "@opentelemetry/sdk-trace-base": "^1.30.1 || ^2.0.0", "@opentelemetry/semantic-conventions": "^1.34.0" } }, "sha512-7TEOiCGkyShJ8CKtsri9lbgMCbB+qNts2Xq37itiMPN2m+lIukK3OX//L8DC5nfKYZlgikrefS63/vJtm669hQ=="],

    "@sentry/opentelemetry": ["@sentry/opentelemetry@9.47.1", "", { "dependencies": { "@sentry/core": "9.47.1" }, "peerDependencies": { "@opentelemetry/api": "^1.9.0", "@opentelemetry/context-async-hooks": "^1.30.1 || ^2.0.0", "@opentelemetry/core": "^1.30.1 || ^2.0.0", "@opentelemetry/sdk-trace-base": "^1.30.1 || ^2.0.0", "@opentelemetry/semantic-conventions": "^1.34.0" } }, "sha512-STtFpjF7lwzeoedDJV+5XA6P89BfmFwFftmHSGSe3UTI8z8IoiR5yB6X2vCjSPvXlfeOs13qCNNCEZyznxM8Xw=="],

    "@tsconfig/node-lts": ["@tsconfig/node-lts@24.0.0", "", {}, "sha512-8mSTqWwCd6aQpvxSrpQlMoA9RiUZSs7bYhL5qsLXIIaN9HQaINeoydrRu/Y7/fws4bvfuyhs0BRnW9/NI8tySg=="],

    "@tsconfig/recommended": ["@tsconfig/recommended@1.0.13", "", {}, "sha512-sySRuBfMKyKO/j2ZAhR8kSembhjuPEV4Ra3AHtmWLq51+iGaudr45crPSzNC5b7/Ctrh9dfUpBuTlYrH6rM58Q=="],

    "@tsconfig/strictest": ["@tsconfig/strictest@2.0.8", "", {}, "sha512-XnQ7vNz5HRN0r88GYf1J9JJjqtZPiHt2woGJOo2dYqyHGGcd6OLGqSlBB6p1j9mpzja6Oe5BoPqWmeDx6X9rLw=="],

    "@types/bun": ["@types/bun@1.3.5", "", { "dependencies": { "bun-types": "1.3.5" } }, "sha512-RnygCqNrd3srIPEWBd5LFeUYG7plCoH2Yw9WaZGyNmdTEei+gWaHqydbaIRkIkcbXwhBT94q78QljxN0Sk838w=="],

    "@types/connect": ["@types/connect@3.4.38", "", { "dependencies": { "@types/node": "*" } }, "sha512-K6uROf1LD88uDQqJCktA4yzL1YYAK6NgfsI0v/mTgyPKWsX1CnJ0XPSDhViejru1GcRkLWb8RlzFYJRqGUbaug=="],

    "@types/mysql": ["@types/mysql@2.15.26", "", { "dependencies": { "@types/node": "*" } }, "sha512-DSLCOXhkvfS5WNNPbfn2KdICAmk8lLc+/PNvnPnF7gOdMZCxopXduqv0OQ13y/yA/zXTSikZZqVgybUxOEg6YQ=="],

    "@types/node": ["@types/node@25.0.3", "", { "dependencies": { "undici-types": "~7.16.0" } }, "sha512-W609buLVRVmeW693xKfzHeIV6nJGGz98uCPfeXI1ELMLXVeKYZ9m15fAMSaUPBHYLGFsVRcMmSCksQOrZV9BYA=="],

    "@types/pg": ["@types/pg@8.6.1", "", { "dependencies": { "@types/node": "*", "pg-protocol": "*", "pg-types": "^2.2.0" } }, "sha512-1Kc4oAGzAl7uqUStZCDvaLFqZrW9qWSjXOmBfdgyBP5La7Us6Mg4GBvRlSoaZMhQF/zSj1C8CtKMBkoiT8eL8w=="],

    "@types/pg-pool": ["@types/pg-pool@2.0.6", "", { "dependencies": { "@types/pg": "*" } }, "sha512-TaAUE5rq2VQYxab5Ts7WZhKNmuN78Q6PiFonTDdpbx8a1H0M1vhy3rhiMjl+e2iHmogyMw7jZF4FrE6eJUy5HQ=="],

    "@types/shimmer": ["@types/shimmer@1.2.0", "", {}, "sha512-UE7oxhQLLd9gub6JKIAhDq06T0F6FnztwMNRvYgjeQSBeMc1ZG/tA47EwfduvkuQS8apbkM/lpLpWsaCeYsXVg=="],

    "@types/tedious": ["@types/tedious@4.0.14", "", { "dependencies": { "@types/node": "*" } }, "sha512-KHPsfX/FoVbUGbyYvk1q9MMQHLPeRZhRJZdO45Q4YjvFkv4hMNghCWTvy7rdKessBsmtz4euWCWAB6/tVpI1Iw=="],

    "acorn": ["acorn@8.15.0", "", { "bin": { "acorn": "bin/acorn" } }, "sha512-NZyJarBfL7nWwIq+FDL6Zp/yHEhePMNnnJ0y3qfieCrmNvYct8uvtiV41UvlSe6apAfk0fY1FbWx+NwfmpvtTg=="],

    "acorn-import-attributes": ["acorn-import-attributes@1.9.5", "", { "peerDependencies": { "acorn": "^8" } }, "sha512-n02Vykv5uA3eHGM/Z2dQrcD56kL8TyDb2p1+0P83PClMnC/nc+anbQRhIOWnSq4Ke/KvDPrY3C9hDtC/A3eHnQ=="],

    "ansi-regex": ["ansi-regex@5.0.1", "", {}, "sha512-quJQXlTSUGL2LH9SUXo8VwsY4soanhgo6LNSm84E1LBcE8s3O0wpdiRzyR9z/ZZJMlMWv37qOOb9pdJlMUEKFQ=="],

    "ansi-styles": ["ansi-styles@4.3.0", "", { "dependencies": { "color-convert": "^2.0.1" } }, "sha512-zbB9rCJAT1rbjiVDb2hqKFHNYLxgtk8NURxZ3IZwD3F6NtxbXZQCnnSi1Lkx+IDohdPlFp222wVALIheZJQSEg=="],

    "balanced-match": ["balanced-match@1.0.2", "", {}, "sha512-3oSeUO0TMV67hN1AmbXsK4yaqU7tjiHlbxRDZOpH0KW9+CeX4bRAaX0Anxt0tx2MrpRpWwQaPwIlISEJhYU5Pw=="],

    "brace-expansion": ["brace-expansion@2.0.2", "", { "dependencies": { "balanced-match": "^1.0.0" } }, "sha512-Jt0vHyM+jmUBqojB7E1NIYadt0vI0Qxjxd2TErW94wDz+E2LAm5vKMXXwg6ZZBTHPuUlDgQHKXvjGBdfcF1ZDQ=="],

    "bun-types": ["bun-types@1.3.5", "", { "dependencies": { "@types/node": "*" } }, "sha512-inmAYe2PFLs0SUbFOWSVD24sg1jFlMPxOjOSSCYqUgn4Hsc3rDc7dFvfVYjFPNHtov6kgUeulV4SxbuIV/stPw=="],

    "cjs-module-lexer": ["cjs-module-lexer@1.4.3", "", {}, "sha512-9z8TZaGM1pfswYeXrUpzPrkx8UnWYdhJclsiYMm6x/w5+nN+8Tf/LnAgfLGQCm59qAOxU8WwHEq2vNwF6i4j+Q=="],

    "cliui": ["cliui@8.0.1", "", { "dependencies": { "string-width": "^4.2.0", "strip-ansi": "^6.0.1", "wrap-ansi": "^7.0.0" } }, "sha512-BSeNnyus75C4//NQ9gQt1/csTXyo/8Sb+afLAkzAptFuMsod9HFokGNudZpi/oQV73hnVK+sR+5PVRMd+Dr7YQ=="],

    "color-convert": ["color-convert@2.0.1", "", { "dependencies": { "color-name": "~1.1.4" } }, "sha512-RRECPsj7iu/xb5oKYcsFHSppFNnsj/52OVTRKb4zP5onXwVF3zVmmToNcOfGC+CRDpfK/U584fMg38ZHCaElKQ=="],

    "color-name": ["color-name@1.1.4", "", {}, "sha512-dOy+3AuW3a2wNbZHIuMZpTcgjGuLU/uBL/ubcZF9OXbDo8ff4O8yVp5Bf0efS8uEoYo5q4Fx7dY9OgQGXgAsQA=="],

    "debug": ["debug@4.4.3", "", { "dependencies": { "ms": "^2.1.3" } }, "sha512-RGwwWnwQvkVfavKVt22FGLw+xYSdzARwm0ru6DhTVA3umU5hZc28V3kO4stgYryrTlLpuvgI9GiijltAjNbcqA=="],

    "emoji-regex": ["emoji-regex@8.0.0", "", {}, "sha512-MSjYzcWNOA0ewAHpz0MxpYFvwg6yjy1NG3xteoqz644VCo/RPgnr1/GGt+ic3iJTzQ8Eu3TdM14SawnVUmGE6A=="],

    "escalade": ["escalade@3.2.0", "", {}, "sha512-WUj2qlxaQtO4g6Pq5c29GTcWGDyd8itL8zTlipgECz3JesAiiOKotd8JU6otB3PACgG6xkJUyVhboMS+bje/jA=="],

    "faye-websocket": ["faye-websocket@0.11.4", "", { "dependencies": { "websocket-driver": ">=0.5.1" } }, "sha512-CzbClwlXAuiRQAlUyfqPgvPoNKTckTPGfwZV4ZdAhVcP2lh9KUxJg2b5GkE7XbjKQ3YJnQ9z6D9ntLAlB+tP8g=="],

    "firebase": ["firebase@12.7.0", "", { "dependencies": { "@firebase/ai": "2.6.1", "@firebase/analytics": "0.10.19", "@firebase/analytics-compat": "0.2.25", "@firebase/app": "0.14.6", "@firebase/app-check": "0.11.0", "@firebase/app-check-compat": "0.4.0", "@firebase/app-compat": "0.5.6", "@firebase/app-types": "0.9.3", "@firebase/auth": "1.12.0", "@firebase/auth-compat": "0.6.2", "@firebase/data-connect": "0.3.12", "@firebase/database": "1.1.0", "@firebase/database-compat": "2.1.0", "@firebase/firestore": "4.9.3", "@firebase/firestore-compat": "0.4.3", "@firebase/functions": "0.13.1", "@firebase/functions-compat": "0.4.1", "@firebase/installations": "0.6.19", "@firebase/installations-compat": "0.2.19", "@firebase/messaging": "0.12.23", "@firebase/messaging-compat": "0.2.23", "@firebase/performance": "0.7.9", "@firebase/performance-compat": "0.2.22", "@firebase/remote-config": "0.7.0", "@firebase/remote-config-compat": "0.2.20", "@firebase/storage": "0.14.0", "@firebase/storage-compat": "0.4.0", "@firebase/util": "1.13.0" } }, "sha512-ZBZg9jFo8uH4Emd7caOqtalKJfDGHnHQSrCPiqRAdTFQd0wL3ERilUBfhnhBLnlernugkN/o7nJa0p+sE71Izg=="],

    "forwarded-parse": ["forwarded-parse@2.1.2", "", {}, "sha512-alTFZZQDKMporBH77856pXgzhEzaUVmLCDk+egLgIgHst3Tpndzz8MnKe+GzRJRfvVdn69HhpW7cmXzvtLvJAw=="],

    "function-bind": ["function-bind@1.1.2", "", {}, "sha512-7XHNxH7qX9xG5mIwxkhumTox/MIRNcOgDrxWsMt2pAr23WHp6MrRlN7FBSFpCpr+oVO0F744iUgR82nJMfG2SA=="],

    "get-caller-file": ["get-caller-file@2.0.5", "", {}, "sha512-DyFP3BM/3YHTQOCUL/w0OZHR0lpKeGrxotcHWcqNEdnltqFwXVfhEBQ94eIo34AfQpo0rGki4cyIiftY06h2Fg=="],

    "hasown": ["hasown@2.0.2", "", { "dependencies": { "function-bind": "^1.1.2" } }, "sha512-0hJU9SCPvmMzIBdZFqNPXWa6dqh7WdH0cII9y+CyS8rG3nL48Bclra9HmKhVVUHyPWNH5Y7xDwAB7bfgSjkUMQ=="],

    "http-parser-js": ["http-parser-js@0.5.10", "", {}, "sha512-Pysuw9XpUq5dVc/2SMHpuTY01RFl8fttgcyunjL7eEMhGM3cI4eOmiCycJDVCo/7O7ClfQD3SaI6ftDzqOXYMA=="],

    "idb": ["idb@7.1.1", "", {}, "sha512-gchesWBzyvGHRO9W8tzUWFDycow5gwjvFKfyV9FF32Y7F50yZMp7mP+T2mJIWFx49zicqyC4uefHM17o6xKIVQ=="],

    "import-in-the-middle": ["import-in-the-middle@1.15.0", "", { "dependencies": { "acorn": "^8.14.0", "acorn-import-attributes": "^1.9.5", "cjs-module-lexer": "^1.2.2", "module-details-from-path": "^1.0.3" } }, "sha512-bpQy+CrsRmYmoPMAE/0G33iwRqwW4ouqdRg8jgbH3aKuCtOc8lxgmYXg2dMM92CRiGP660EtBcymH/eVUpCSaA=="],

    "is-core-module": ["is-core-module@2.16.1", "", { "dependencies": { "hasown": "^2.0.2" } }, "sha512-UfoeMA6fIJ8wTYFEUjelnaGI67v6+N7qXJEvQuIGa99l4xsCruSYOVSQ0uPANn4dAzm8lkYPaKLrrijLq7x23w=="],

    "is-fullwidth-code-point": ["is-fullwidth-code-point@3.0.0", "", {}, "sha512-zymm5+u+sCsSWyD9qNaejV3DFvhCKclKdizYaJUuHA83RLjb7nSuGnddCHGv0hk+KY7BMAlsWeK4Ueg6EV6XQg=="],

    "lodash.camelcase": ["lodash.camelcase@4.3.0", "", {}, "sha512-TwuEnCnxbc3rAvhf/LbG7tJUDzhqXyFnv3dtzLOPgCG/hODL7WFnsbwktkD7yUV0RrreP/l1PALq/YSg6VvjlA=="],

    "long": ["long@5.3.2", "", {}, "sha512-mNAgZ1GmyNhD7AuqnTG3/VQ26o760+ZYBPKjPvugO8+nLbYfX6TVpJPseBvopbdY+qpZ/lKUnmEc1LeZYS3QAA=="],

    "minimatch": ["minimatch@9.0.5", "", { "dependencies": { "brace-expansion": "^2.0.1" } }, "sha512-G6T0ZX48xgozx7587koeX9Ys2NYy6Gmv//P89sEte9V9whIapMNF4idKxnW2QtCcLiTWlb/wfCabAtAFWhhBow=="],

    "module-details-from-path": ["module-details-from-path@1.0.4", "", {}, "sha512-EGWKgxALGMgzvxYF1UyGTy0HXX/2vHLkw6+NvDKW2jypWbHpjQuj4UMcqQWXHERJhVGKikolT06G3bcKe4fi7w=="],

    "ms": ["ms@2.1.3", "", {}, "sha512-6FlzubTLZG3J2a/NVCAleEhjzq5oxgHyaCU9yYXvcLsvoVaHJq/s5xXI6/XXP6tz7R9xAOtHnSO/tXtF3WRTlA=="],

    "path-parse": ["path-parse@1.0.7", "", {}, "sha512-LDJzPVEEEPR+y48z93A0Ed0yXb8pAByGWo/k5YYdYgpY2/2EsOsksJrq7lOHxryrVOn1ejG6oAp8ahvOIQD8sw=="],

    "pg-int8": ["pg-int8@1.0.1", "", {}, "sha512-WCtabS6t3c8SkpDBUlb1kjOs7l66xsGdKpIPZsg4wR+B3+u9UAum2odSsF9tnvxg80h4ZxLWMy4pRjOsFIqQpw=="],

    "pg-protocol": ["pg-protocol@1.11.0", "", {}, "sha512-pfsxk2M9M3BuGgDOfuy37VNRRX3jmKgMjcvAcWqNDpZSf4cUmv8HSOl5ViRQFsfARFn0KuUQTgLxVMbNq5NW3g=="],

    "pg-types": ["pg-types@2.2.0", "", { "dependencies": { "pg-int8": "1.0.1", "postgres-array": "~2.0.0", "postgres-bytea": "~1.0.0", "postgres-date": "~1.0.4", "postgres-interval": "^1.1.0" } }, "sha512-qTAAlrEsl8s4OiEQY69wDvcMIdQN6wdz5ojQiOy6YRMuynxenON0O5oCpJI6lshc6scgAY8qvJ2On/p+CXY0GA=="],

    "postgres-array": ["postgres-array@2.0.0", "", {}, "sha512-VpZrUqU5A69eQyW2c5CA1jtLecCsN2U/bD6VilrFDWq5+5UIEVO7nazS3TEcHf1zuPYO/sqGvUvW62g86RXZuA=="],

    "postgres-bytea": ["postgres-bytea@1.0.1", "", {}, "sha512-5+5HqXnsZPE65IJZSMkZtURARZelel2oXUEO8rH83VS/hxH5vv1uHquPg5wZs8yMAfdv971IU+kcPUczi7NVBQ=="],

    "postgres-date": ["postgres-date@1.0.7", "", {}, "sha512-suDmjLVQg78nMK2UZ454hAG+OAW+HQPZ6n++TNDUX+L0+uUlLywnoxJKDou51Zm+zTCjrCl0Nq6J9C5hP9vK/Q=="],

    "postgres-interval": ["postgres-interval@1.2.0", "", { "dependencies": { "xtend": "^4.0.0" } }, "sha512-9ZhXKM/rw350N1ovuWHbGxnGh/SNJ4cnxHiM0rxE4VN41wsg8P8zWn9hv/buK00RP4WvlOyr/RBDiptyxVbkZQ=="],

    "protobufjs": ["protobufjs@7.5.4", "", { "dependencies": { "@protobufjs/aspromise": "^1.1.2", "@protobufjs/base64": "^1.1.2", "@protobufjs/codegen": "^2.0.4", "@protobufjs/eventemitter": "^1.1.0", "@protobufjs/fetch": "^1.1.0", "@protobufjs/float": "^1.0.2", "@protobufjs/inquire": "^1.1.0", "@protobufjs/path": "^1.1.2", "@protobufjs/pool": "^1.1.0", "@protobufjs/utf8": "^1.1.0", "@types/node": ">=13.7.0", "long": "^5.0.0" } }, "sha512-CvexbZtbov6jW2eXAvLukXjXUW1TzFaivC46BpWc/3BpcCysb5Vffu+B3XHMm8lVEuy2Mm4XGex8hBSg1yapPg=="],

    "require-directory": ["require-directory@2.1.1", "", {}, "sha512-fGxEI7+wsG9xrvdjsrlmL22OMTTiHRwAMroiEeMgq8gzoLC/PQr7RsRDSTLUg/bZAZtF+TVIkHc6/4RIKrui+Q=="],

    "require-in-the-middle": ["require-in-the-middle@7.5.2", "", { "dependencies": { "debug": "^4.3.5", "module-details-from-path": "^1.0.3", "resolve": "^1.22.8" } }, "sha512-gAZ+kLqBdHarXB64XpAe2VCjB7rIRv+mU8tfRWziHRJ5umKsIHN2tLLv6EtMw7WCdP19S0ERVMldNvxYCHnhSQ=="],

    "resolve": ["resolve@1.22.11", "", { "dependencies": { "is-core-module": "^2.16.1", "path-parse": "^1.0.7", "supports-preserve-symlinks-flag": "^1.0.0" }, "bin": { "resolve": "bin/resolve" } }, "sha512-RfqAvLnMl313r7c9oclB1HhUEAezcpLjz95wFH4LVuhk9JF/r22qmVP9AMmOU4vMX7Q8pN8jwNg/CSpdFnMjTQ=="],

    "safe-buffer": ["safe-buffer@5.2.1", "", {}, "sha512-rp3So07KcdmmKbGvgaNxQSJr7bGVSVk5S9Eq1F+ppbRo70+YeaDxkw5Dd8NPN+GD6bjnYm2VuPuCXmpuYvmCXQ=="],

    "semver": ["semver@7.7.3", "", { "bin": { "semver": "bin/semver.js" } }, "sha512-SdsKMrI9TdgjdweUSR9MweHA4EJ8YxHn8DFaDisvhVlUOe4BF1tLD7GAj0lIqWVl+dPb/rExr0Btby5loQm20Q=="],

    "shimmer": ["shimmer@1.2.1", "", {}, "sha512-sQTKC1Re/rM6XyFM6fIAGHRPVGvyXfgzIDvzoq608vM+jeyVD0Tu1E6Np0Kc2zAIFWIj963V2800iF/9LPieQw=="],

    "string-width": ["string-width@4.2.3", "", { "dependencies": { "emoji-regex": "^8.0.0", "is-fullwidth-code-point": "^3.0.0", "strip-ansi": "^6.0.1" } }, "sha512-wKyQRQpjJ0sIp62ErSZdGsjMJWsap5oRNihHhu6G7JVO/9jIB6UyevL+tXuOqrng8j/cxKTWyWUwvSTriiZz/g=="],

    "strip-ansi": ["strip-ansi@6.0.1", "", { "dependencies": { "ansi-regex": "^5.0.1" } }, "sha512-Y38VPSHcqkFrCpFnQ9vuSXmquuv5oXOKpGeT6aGrr3o3Gc9AlVa6JBfUSOCnbxGGZF+/0ooI7KrPuUSztUdU5A=="],

    "supports-preserve-symlinks-flag": ["supports-preserve-symlinks-flag@1.0.0", "", {}, "sha512-ot0WnXS9fgdkgIcePe6RHNk1WA8+muPa6cSjeR3V8K27q9BB1rTE3R1p7Hv0z1ZyAc8s6Vvv8DIyWf681MAt0w=="],

    "tslib": ["tslib@2.8.1", "", {}, "sha512-oJFu94HQb+KVduSUQL7wnpmqnfmLsOA/nAh6b6EH0wCEoK0/mPeXU6c3wKDV83MkOuHPRHtSXKKU99IBazS/2w=="],

    "typescript": ["typescript@5.9.3", "", { "bin": { "tsc": "bin/tsc", "tsserver": "bin/tsserver" } }, "sha512-jl1vZzPDinLr9eUt3J/t7V6FgNEw9QjvBPdysz9KfQDD41fQrC2Y4vKQdiaUpFT4bXlb1RHhLpp8wtm6M5TgSw=="],

    "undici-types": ["undici-types@7.16.0", "", {}, "sha512-Zz+aZWSj8LE6zoxD+xrjh4VfkIG8Ya6LvYkZqtUQGJPZjYl53ypCaUwWqo7eI0x66KBGeRo+mlBEkMSeSZ38Nw=="],

    "web-vitals": ["web-vitals@4.2.4", "", {}, "sha512-r4DIlprAGwJ7YM11VZp4R884m0Vmgr6EAKe3P+kO0PPj3Unqyvv59rczf6UiGcb9Z8QxZVcqKNwv/g0WNdWwsw=="],

    "websocket-driver": ["websocket-driver@0.7.4", "", { "dependencies": { "http-parser-js": ">=0.5.1", "safe-buffer": ">=5.1.0", "websocket-extensions": ">=0.1.1" } }, "sha512-b17KeDIQVjvb0ssuSDF2cYXSg2iztliJ4B9WdsuB6J952qCPKmnVq4DyW5motImXHDC1cBT/1UezrJVsKw5zjg=="],

    "websocket-extensions": ["websocket-extensions@0.1.4", "", {}, "sha512-OqedPIGOfsDlo31UNwYbCFMSaO9m9G/0faIHj5/dZFDMFqPTcx6UwqyOy3COEaEOg/9VsGIpdqn62W5KhoKSpg=="],

    "wrap-ansi": ["wrap-ansi@7.0.0", "", { "dependencies": { "ansi-styles": "^4.0.0", "string-width": "^4.1.0", "strip-ansi": "^6.0.0" } }, "sha512-YVGIj2kamLSTxw6NsZjoBxfSwsn0ycdesmc4p+Q21c5zPuZ1pl+NfxVdxPtdHvmNVOQ6XSYG4AUtyt/Fi7D16Q=="],

    "xtend": ["xtend@4.0.2", "", {}, "sha512-LKYU1iAXJXUgAXn9URjiu+MWhyUXHsvfp7mcuYm9dSUKK0/CjtrUwFAxD82/mCWbtLsGjFIad0wIsod4zrTAEQ=="],

    "y18n": ["y18n@5.0.8", "", {}, "sha512-0pfFzegeDWJHJIAmTLRP2DwHjdF5s7jo9tuztdQxAhINCdvS+3nGINqPd00AphqJR/0LhANUS6/+7SCb98YOfA=="],

    "yargs": ["yargs@17.7.2", "", { "dependencies": { "cliui": "^8.0.1", "escalade": "^3.1.1", "get-caller-file": "^2.0.5", "require-directory": "^2.1.1", "string-width": "^4.2.3", "y18n": "^5.0.5", "yargs-parser": "^21.1.1" } }, "sha512-7dSzzRQ++CKnNI/krKnYRV7JKKPUXMEh61soaHKg9mrWEhzFWhFnxPxGl+69cD1Ou63C13NUPCnmIcrvqCuM6w=="],

    "yargs-parser": ["yargs-parser@21.1.1", "", {}, "sha512-tVpsJW7DdjecAiFpbIB1e3qxIQsE6NoPc5/eTdrbbIC4h0LVsWhnoa3g+m2HclBIujHzsxZ4VJVA+GUuc2/LBw=="],

    "@opentelemetry/core/@opentelemetry/semantic-conventions": ["@opentelemetry/semantic-conventions@1.28.0", "", {}, "sha512-lp4qAiMTD4sNWW4DbKLBkfiMZ4jbAboJIGOQr5DvciMRI494OapieI9qiODpOt0XBr1LjIDy1xAGAnVs5supTA=="],

    "@opentelemetry/instrumentation-http/@opentelemetry/semantic-conventions": ["@opentelemetry/semantic-conventions@1.28.0", "", {}, "sha512-lp4qAiMTD4sNWW4DbKLBkfiMZ4jbAboJIGOQr5DvciMRI494OapieI9qiODpOt0XBr1LjIDy1xAGAnVs5supTA=="],

    "@opentelemetry/resources/@opentelemetry/semantic-conventions": ["@opentelemetry/semantic-conventions@1.28.0", "", {}, "sha512-lp4qAiMTD4sNWW4DbKLBkfiMZ4jbAboJIGOQr5DvciMRI494OapieI9qiODpOt0XBr1LjIDy1xAGAnVs5supTA=="],

    "@opentelemetry/sdk-trace-base/@opentelemetry/semantic-conventions": ["@opentelemetry/semantic-conventions@1.28.0", "", {}, "sha512-lp4qAiMTD4sNWW4DbKLBkfiMZ4jbAboJIGOQr5DvciMRI494OapieI9qiODpOt0XBr1LjIDy1xAGAnVs5supTA=="],
  }
}
